
Microsoft Visual Studio Solution File, Format Version 12.00
# Visual Studio 14
VisualStudioVersion = 14.0.25420.1
MinimumVisualStudioVersion = 10.0.40219.1
Project("{FAE04EC0-301F-11D3-BF4B-00C04F79EFBC}") = "AppMVVMModel2.Android", "AppMVVMModel2\AppMVVMModel2.Android\AppMVVMModel2.Android.csproj", "{973A91A5-11CE-46F3-B04A-36B5C1ACA42C}"
EndProject
Project("{FAE04EC0-301F-11D3-BF4B-00C04F79EFBC}") = "AppMVVMModel2", "AppMVVMModel2\AppMVVMModel2\AppMVVMModel2.csproj", "{898DCF29-752A-4104-ABB8-21A36FC7E486}"
EndProject
Project("{FAE04EC0-301F-11D3-BF4B-00C04F79EFBC}") = "AppMVVMModel2.UWP", "AppMVVMModel2\AppMVVMModel2.UWP\AppMVVMModel2.UWP.csproj", "{7FF2E991-5383-4BF2-A9A3-4B75F87A1C41}"
EndProject
Project("{FAE04EC0-301F-11D3-BF4B-00C04F79EFBC}") = "AppMVVMModel2.iOS", "AppMVVMModel2\AppMVVMModel2.iOS\AppMVVMModel2.iOS.csproj", "{0B9563B5-56B5-489E-B4A3-AB0985B41108}"
EndProject
Global
	GlobalSection(SolutionConfigurationPlatforms) = preSolution
		Ad-Hoc|Any CPU = Ad-Hoc|Any CPU
		Ad-Hoc|ARM = Ad-Hoc|ARM
		Ad-Hoc|iPhone = Ad-Hoc|iPhone
		Ad-Hoc|iPhoneSimulator = Ad-Hoc|iPhoneSimulator
		Ad-Hoc|x64 = Ad-Hoc|x64
		Ad-Hoc|x86 = Ad-Hoc|x86
		AppStore|Any CPU = AppStore|Any CPU
		AppStore|ARM = AppStore|ARM
		AppStore|iPhone = AppStore|iPhone
		AppStore|iPhoneSimulator = AppStore|iPhoneSimulator
		AppStore|x64 = AppStore|x64
		AppStore|x86 = AppStore|x86
		Debug|Any CPU = Debug|Any CPU
		Debug|ARM = Debug|ARM
		Debug|iPhone = Debug|iPhone
		Debug|iPhoneSimulator = Debug|iPhoneSimulator
		Debug|x64 = Debug|x64
		Debug|x86 = Debug|x86
		Release|Any CPU = Release|Any CPU
		Release|ARM = Release|ARM
		Release|iPhone = Release|iPhone
		Release|iPhoneSimulator = Release|iPhoneSimulator
		Release|x64 = Release|x64
		Release|x86 = Release|x86
	EndGlobalSection
	GlobalSection(ProjectConfigurationPlatforms) = postSolution
		{973A91A5-11CE-46F3-B04A-36B5C1ACA42C}.Ad-Hoc|Any CPU.ActiveCfg = Release|Any CPU
		{973A91A5-11CE-46F3-B04A-36B5C1ACA42C}.Ad-Hoc|Any CPU.Build.0 = Release|Any CPU
		{973A91A5-11CE-46F3-B04A-36B5C1ACA42C}.Ad-Hoc|Any CPU.Deploy.0 = Release|Any CPU
		{973A91A5-11CE-46F3-B04A-36B5C1ACA42C}.Ad-Hoc|ARM.ActiveCfg = Release|Any CPU
		{973A91A5-11CE-46F3-B04A-36B5C1ACA42C}.Ad-Hoc|ARM.Build.0 = Release|Any CPU
		{973A91A5-11CE-46F3-B04A-36B5C1ACA42C}.Ad-Hoc|ARM.Deploy.0 = Release|Any CPU
		{973A91A5-11CE-46F3-B04A-36B5C1ACA42C}.Ad-Hoc|iPhone.ActiveCfg = Release|Any CPU
		{973A91A5-11CE-46F3-B04A-36B5C1ACA42C}.Ad-Hoc|iPhone.Build.0 = Release|Any CPU
		{973A91A5-11CE-46F3-B04A-36B5C1ACA42C}.Ad-Hoc|iPhone.Deploy.0 = Release|Any CPU
		{973A91A5-11CE-46F3-B04A-36B5C1ACA42C}.Ad-Hoc|iPhoneSimulator.ActiveCfg = Release|Any CPU
		{973A91A5-11CE-46F3-B04A-36B5C1ACA42C}.Ad-Hoc|iPhoneSimulator.Build.0 = Release|Any CPU
		{973A91A5-11CE-46F3-B04A-36B5C1ACA42C}.Ad-Hoc|iPhoneSimulator.Deploy.0 = Release|Any CPU
		{973A91A5-11CE-46F3-B04A-36B5C1ACA42C}.Ad-Hoc|x64.ActiveCfg = Release|Any CPU
		{973A91A5-11CE-46F3-B04A-36B5C1ACA42C}.Ad-Hoc|x64.Build.0 = Release|Any CPU
		{973A91A5-11CE-46F3-B04A-36B5C1ACA42C}.Ad-Hoc|x64.Deploy.0 = Release|Any CPU
		{973A91A5-11CE-46F3-B04A-36B5C1ACA42C}.Ad-Hoc|x86.ActiveCfg = Release|Any CPU
		{973A91A5-11CE-46F3-B04A-36B5C1ACA42C}.Ad-Hoc|x86.Build.0 = Release|Any CPU
		{973A91A5-11CE-46F3-B04A-36B5C1ACA42C}.Ad-Hoc|x86.Deploy.0 = Release|Any CPU
		{973A91A5-11CE-46F3-B04A-36B5C1ACA42C}.AppStore|Any CPU.ActiveCfg = Release|Any CPU
		{973A91A5-11CE-46F3-B04A-36B5C1ACA42C}.AppStore|Any CPU.Build.0 = Release|Any CPU
		{973A91A5-11CE-46F3-B04A-36B5C1ACA42C}.AppStore|Any CPU.Deploy.0 = Release|Any CPU
		{973A91A5-11CE-46F3-B04A-36B5C1ACA42C}.AppStore|ARM.ActiveCfg = Release|Any CPU
		{973A91A5-11CE-46F3-B04A-36B5C1ACA42C}.AppStore|ARM.Build.0 = Release|Any CPU
		{973A91A5-11CE-46F3-B04A-36B5C1ACA42C}.AppStore|ARM.Deploy.0 = Release|Any CPU
		{973A91A5-11CE-46F3-B04A-36B5C1ACA42C}.AppStore|iPhone.ActiveCfg = Release|Any CPU
		{973A91A5-11CE-46F3-B04A-36B5C1ACA42C}.AppStore|iPhone.Build.0 = Release|Any CPU
		{973A91A5-11CE-46F3-B04A-36B5C1ACA42C}.AppStore|iPhone.Deploy.0 = Release|Any CPU
		{973A91A5-11CE-46F3-B04A-36B5C1ACA42C}.AppStore|iPhoneSimulator.ActiveCfg = Release|Any CPU
		{973A91A5-11CE-46F3-B04A-36B5C1ACA42C}.AppStore|iPhoneSimulator.Build.0 = Release|Any CPU
		{973A91A5-11CE-46F3-B04A-36B5C1ACA42C}.AppStore|iPhoneSimulator.Deploy.0 = Release|Any CPU
		{973A91A5-11CE-46F3-B04A-36B5C1ACA42C}.AppStore|x64.ActiveCfg = Release|Any CPU
		{973A91A5-11CE-46F3-B04A-36B5C1ACA42C}.AppStore|x64.Build.0 = Release|Any CPU
		{973A91A5-11CE-46F3-B04A-36B5C1ACA42C}.AppStore|x64.Deploy.0 = Release|Any CPU
		{973A91A5-11CE-46F3-B04A-36B5C1ACA42C}.AppStore|x86.ActiveCfg = Release|Any CPU
		{973A91A5-11CE-46F3-B04A-36B5C1ACA42C}.AppStore|x86.Build.0 = Release|Any CPU
		{973A91A5-11CE-46F3-B04A-36B5C1ACA42C}.AppStore|x86.Deploy.0 = Release|Any CPU
		{973A91A5-11CE-46F3-B04A-36B5C1ACA42C}.Debug|Any CPU.ActiveCfg = Debug|Any CPU
		{973A91A5-11CE-46F3-B04A-36B5C1ACA42C}.Debug|Any CPU.Build.0 = Debug|Any CPU
		{973A91A5-11CE-46F3-B04A-36B5C1ACA42C}.Debug|Any CPU.Deploy.0 = Debug|Any CPU
		{973A91A5-11CE-46F3-B04A-36B5C1ACA42C}.Debug|ARM.ActiveCfg = Debug|Any CPU
		{973A91A5-11CE-46F3-B04A-36B5C1ACA42C}.Debug|ARM.Build.0 = Debug|Any CPU
		{973A91A5-11CE-46F3-B04A-36B5C1ACA42C}.Debug|ARM.Deploy.0 = Debug|Any CPU
		{973A91A5-11CE-46F3-B04A-36B5C1ACA42C}.Debug|iPhone.ActiveCfg = Debug|Any CPU
		{973A91A5-11CE-46F3-B04A-36B5C1ACA42C}.Debug|iPhone.Build.0 = Debug|Any CPU
		{973A91A5-11CE-46F3-B04A-36B5C1ACA42C}.Debug|iPhone.Deploy.0 = Debug|Any CPU
		{973A91A5-11CE-46F3-B04A-36B5C1ACA42C}.Debug|iPhoneSimulator.ActiveCfg = Debug|Any CPU
		{973A91A5-11CE-46F3-B04A-36B5C1ACA42C}.Debug|iPhoneSimulator.Build.0 = Debug|Any CPU
		{973A91A5-11CE-46F3-B04A-36B5C1ACA42C}.Debug|iPhoneSimulator.Deploy.0 = Debug|Any CPU
		{973A91A5-11CE-46F3-B04A-36B5C1ACA42C}.Debug|x64.ActiveCfg = Debug|Any CPU
		{973A91A5-11CE-46F3-B04A-36B5C1ACA42C}.Debug|x64.Build.0 = Debug|Any CPU
		{973A91A5-11CE-46F3-B04A-36B5C1ACA42C}.Debug|x64.Deploy.0 = Debug|Any CPU
		{973A91A5-11CE-46F3-B04A-36B5C1ACA42C}.Debug|x86.ActiveCfg = Debug|Any CPU
		{973A91A5-11CE-46F3-B04A-36B5C1ACA42C}.Debug|x86.Build.0 = Debug|Any CPU
		{973A91A5-11CE-46F3-B04A-36B5C1ACA42C}.Debug|x86.Deploy.0 = Debug|Any CPU
		{973A91A5-11CE-46F3-B04A-36B5C1ACA42C}.Release|Any CPU.ActiveCfg = Release|Any CPU
		{973A91A5-11CE-46F3-B04A-36B5C1ACA42C}.Release|Any CPU.Build.0 = Release|Any CPU
		{973A91A5-11CE-46F3-B04A-36B5C1ACA42C}.Release|Any CPU.Deploy.0 = Release|Any CPU
		{973A91A5-11CE-46F3-B04A-36B5C1ACA42C}.Release|ARM.ActiveCfg = Release|Any CPU
		{973A91A5-11CE-46F3-B04A-36B5C1ACA42C}.Release|ARM.Build.0 = Release|Any CPU
		{973A91A5-11CE-46F3-B04A-36B5C1ACA42C}.Release|ARM.Deploy.0 = Release|Any CPU
		{973A91A5-11CE-46F3-B04A-36B5C1ACA42C}.Release|iPhone.ActiveCfg = Release|Any CPU
		{973A91A5-11CE-46F3-B04A-36B5C1ACA42C}.Release|iPhone.Build.0 = Release|Any CPU
		{973A91A5-11CE-46F3-B04A-36B5C1ACA42C}.Release|iPhone.Deploy.0 = Release|Any CPU
		{973A91A5-11CE-46F3-B04A-36B5C1ACA42C}.Release|iPhoneSimulator.ActiveCfg = Release|Any CPU
		{973A91A5-11CE-46F3-B04A-36B5C1ACA42C}.Release|iPhoneSimulator.Build.0 = Release|Any CPU
		{973A91A5-11CE-46F3-B04A-36B5C1ACA42C}.Release|iPhoneSimulator.Deploy.0 = Release|Any CPU
		{973A91A5-11CE-46F3-B04A-36B5C1ACA42C}.Release|x64.ActiveCfg = Release|Any CPU
		{973A91A5-11CE-46F3-B04A-36B5C1ACA42C}.Release|x64.Build.0 = Release|Any CPU
		{973A91A5-11CE-46F3-B04A-36B5C1ACA42C}.Release|x64.Deploy.0 = Release|Any CPU
		{973A91A5-11CE-46F3-B04A-36B5C1ACA42C}.Release|x86.ActiveCfg = Release|Any CPU
		{973A91A5-11CE-46F3-B04A-36B5C1ACA42C}.Release|x86.Build.0 = Release|Any CPU
		{973A91A5-11CE-46F3-B04A-36B5C1ACA42C}.Release|x86.Deploy.0 = Release|Any CPU
		{898DCF29-752A-4104-ABB8-21A36FC7E486}.Ad-Hoc|Any CPU.ActiveCfg = Release|Any CPU
		{898DCF29-752A-4104-ABB8-21A36FC7E486}.Ad-Hoc|Any CPU.Build.0 = Release|Any CPU
		{898DCF29-752A-4104-ABB8-21A36FC7E486}.Ad-Hoc|ARM.ActiveCfg = Release|Any CPU
		{898DCF29-752A-4104-ABB8-21A36FC7E486}.Ad-Hoc|ARM.Build.0 = Release|Any CPU
		{898DCF29-752A-4104-ABB8-21A36FC7E486}.Ad-Hoc|iPhone.ActiveCfg = Release|Any CPU
		{898DCF29-752A-4104-ABB8-21A36FC7E486}.Ad-Hoc|iPhone.Build.0 = Release|Any CPU
		{898DCF29-752A-4104-ABB8-21A36FC7E486}.Ad-Hoc|iPhoneSimulator.ActiveCfg = Release|Any CPU
		{898DCF29-752A-4104-ABB8-21A36FC7E486}.Ad-Hoc|iPhoneSimulator.Build.0 = Release|Any CPU
		{898DCF29-752A-4104-ABB8-21A36FC7E486}.Ad-Hoc|x64.ActiveCfg = Release|Any CPU
		{898DCF29-752A-4104-ABB8-21A36FC7E486}.Ad-Hoc|x64.Build.0 = Release|Any CPU
		{898DCF29-752A-4104-ABB8-21A36FC7E486}.Ad-Hoc|x86.ActiveCfg = Release|Any CPU
		{898DCF29-752A-4104-ABB8-21A36FC7E486}.Ad-Hoc|x86.Build.0 = Release|Any CPU
		{898DCF29-752A-4104-ABB8-21A36FC7E486}.AppStore|Any CPU.ActiveCfg = Release|Any CPU
		{898DCF29-752A-4104-ABB8-21A36FC7E486}.AppStore|Any CPU.Build.0 = Release|Any CPU
		{898DCF29-752A-4104-ABB8-21A36FC7E486}.AppStore|ARM.ActiveCfg = Release|Any CPU
		{898DCF29-752A-4104-ABB8-21A36FC7E486}.AppStore|ARM.Build.0 = Release|Any CPU
		{898DCF29-752A-4104-ABB8-21A36FC7E486}.AppStore|iPhone.ActiveCfg = Release|Any CPU
		{898DCF29-752A-4104-ABB8-21A36FC7E486}.AppStore|iPhone.Build.0 = Release|Any CPU
		{898DCF29-752A-4104-ABB8-21A36FC7E486}.AppStore|iPhoneSimulator.ActiveCfg = Release|Any CPU
		{898DCF29-752A-4104-ABB8-21A36FC7E486}.AppStore|iPhoneSimulator.Build.0 = Release|Any CPU
		{898DCF29-752A-4104-ABB8-21A36FC7E486}.AppStore|x64.ActiveCfg = Release|Any CPU
		{898DCF29-752A-4104-ABB8-21A36FC7E486}.AppStore|x64.Build.0 = Release|Any CPU
		{898DCF29-752A-4104-ABB8-21A36FC7E486}.AppStore|x86.ActiveCfg = Release|Any CPU
		{898DCF29-752A-4104-ABB8-21A36FC7E486}.AppStore|x86.Build.0 = Release|Any CPU
		{898DCF29-752A-4104-ABB8-21A36FC7E486}.Debug|Any CPU.ActiveCfg = Debug|Any CPU
		{898DCF29-752A-4104-ABB8-21A36FC7E486}.Debug|Any CPU.Build.0 = Debug|Any CPU
		{898DCF29-752A-4104-ABB8-21A36FC7E486}.Debug|ARM.ActiveCfg = Debug|Any CPU
		{898DCF29-752A-4104-ABB8-21A36FC7E486}.Debug|ARM.Build.0 = Debug|Any CPU
		{898DCF29-752A-4104-ABB8-21A36FC7E486}.Debug|iPhone.ActiveCfg = Debug|Any CPU
		{898DCF29-752A-4104-ABB8-21A36FC7E486}.Debug|iPhone.Build.0 = Debug|Any CPU
		{898DCF29-752A-4104-ABB8-21A36FC7E486}.Debug|iPhoneSimulator.ActiveCfg = Debug|Any CPU
		{898DCF29-752A-4104-ABB8-21A36FC7E486}.Debug|iPhoneSimulator.Build.0 = Debug|Any CPU
		{898DCF29-752A-4104-ABB8-21A36FC7E486}.Debug|x64.ActiveCfg = Debug|Any CPU
		{898DCF29-752A-4104-ABB8-21A36FC7E486}.Debug|x64.Build.0 = Debug|Any CPU
		{898DCF29-752A-4104-ABB8-21A36FC7E486}.Debug|x86.ActiveCfg = Debug|Any CPU
		{898DCF29-752A-4104-ABB8-21A36FC7E486}.Debug|x86.Build.0 = Debug|Any CPU
		{898DCF29-752A-4104-ABB8-21A36FC7E486}.Release|Any CPU.ActiveCfg = Release|Any CPU
		{898DCF29-752A-4104-ABB8-21A36FC7E486}.Release|Any CPU.Build.0 = Release|Any CPU
		{898DCF29-752A-4104-ABB8-21A36FC7E486}.Release|ARM.ActiveCfg = Release|Any CPU
		{898DCF29-752A-4104-ABB8-21A36FC7E486}.Release|ARM.Build.0 = Release|Any CPU
		{898DCF29-752A-4104-ABB8-21A36FC7E486}.Release|iPhone.ActiveCfg = Release|Any CPU
		{898DCF29-752A-4104-ABB8-21A36FC7E486}.Release|iPhone.Build.0 = Release|Any CPU
		{898DCF29-752A-4104-ABB8-21A36FC7E486}.Release|iPhoneSimulator.ActiveCfg = Release|Any CPU
		{898DCF29-752A-4104-ABB8-21A36FC7E486}.Release|iPhoneSimulator.Build.0 = Release|Any CPU
		{898DCF29-752A-4104-ABB8-21A36FC7E486}.Release|x64.ActiveCfg = Release|Any CPU
		{898DCF29-752A-4104-ABB8-21A36FC7E486}.Release|x64.Build.0 = Release|Any CPU
		{898DCF29-752A-4104-ABB8-21A36FC7E486}.Release|x86.ActiveCfg = Release|Any CPU
		{898DCF29-752A-4104-ABB8-21A36FC7E486}.Release|x86.Build.0 = Release|Any CPU
		{7FF2E991-5383-4BF2-A9A3-4B75F87A1C41}.Ad-Hoc|Any CPU.ActiveCfg = Release|x86
		{7FF2E991-5383-4BF2-A9A3-4B75F87A1C41}.Ad-Hoc|Any CPU.Build.0 = Release|x86
		{7FF2E991-5383-4BF2-A9A3-4B75F87A1C41}.Ad-Hoc|Any CPU.Deploy.0 = Release|x86
		{7FF2E991-5383-4BF2-A9A3-4B75F87A1C41}.Ad-Hoc|ARM.ActiveCfg = Release|ARM
		{7FF2E991-5383-4BF2-A9A3-4B75F87A1C41}.Ad-Hoc|ARM.Build.0 = Release|ARM
		{7FF2E991-5383-4BF2-A9A3-4B75F87A1C41}.Ad-Hoc|ARM.Deploy.0 = Release|ARM
		{7FF2E991-5383-4BF2-A9A3-4B75F87A1C41}.Ad-Hoc|iPhone.ActiveCfg = Release|x86
		{7FF2E991-5383-4BF2-A9A3-4B75F87A1C41}.Ad-Hoc|iPhone.Build.0 = Release|x86
		{7FF2E991-5383-4BF2-A9A3-4B75F87A1C41}.Ad-Hoc|iPhone.Deploy.0 = Release|x86
		{7FF2E991-5383-4BF2-A9A3-4B75F87A1C41}.Ad-Hoc|iPhoneSimulator.ActiveCfg = Release|x86
		{7FF2E991-5383-4BF2-A9A3-4B75F87A1C41}.Ad-Hoc|iPhoneSimulator.Build.0 = Release|x86
		{7FF2E991-5383-4BF2-A9A3-4B75F87A1C41}.Ad-Hoc|iPhoneSimulator.Deploy.0 = Release|x86
		{7FF2E991-5383-4BF2-A9A3-4B75F87A1C41}.Ad-Hoc|x64.ActiveCfg = Release|x64
		{7FF2E991-5383-4BF2-A9A3-4B75F87A1C41}.Ad-Hoc|x64.Build.0 = Release|x64
		{7FF2E991-5383-4BF2-A9A3-4B75F87A1C41}.Ad-Hoc|x64.Deploy.0 = Release|x64
		{7FF2E991-5383-4BF2-A9A3-4B75F87A1C41}.Ad-Hoc|x86.ActiveCfg = Release|x86
		{7FF2E991-5383-4BF2-A9A3-4B75F87A1C41}.Ad-Hoc|x86.Build.0 = Release|x86
		{7FF2E991-5383-4BF2-A9A3-4B75F87A1C41}.Ad-Hoc|x86.Deploy.0 = Release|x86
		{7FF2E991-5383-4BF2-A9A3-4B75F87A1C41}.AppStore|Any CPU.ActiveCfg = Release|x86
		{7FF2E991-5383-4BF2-A9A3-4B75F87A1C41}.AppStore|Any CPU.Build.0 = Release|x86
		{7FF2E991-5383-4BF2-A9A3-4B75F87A1C41}.AppStore|Any CPU.Deploy.0 = Release|x86
		{7FF2E991-5383-4BF2-A9A3-4B75F87A1C41}.AppStore|ARM.ActiveCfg = Release|ARM
		{7FF2E991-5383-4BF2-A9A3-4B75F87A1C41}.AppStore|ARM.Build.0 = Release|ARM
		{7FF2E991-5383-4BF2-A9A3-4B75F87A1C41}.AppStore|ARM.Deploy.0 = Release|ARM
		{7FF2E991-5383-4BF2-A9A3-4B75F87A1C41}.AppStore|iPhone.ActiveCfg = Release|x86
		{7FF2E991-5383-4BF2-A9A3-4B75F87A1C41}.AppStore|iPhone.Build.0 = Release|x86
		{7FF2E991-5383-4BF2-A9A3-4B75F87A1C41}.AppStore|iPhone.Deploy.0 = Release|x86
		{7FF2E991-5383-4BF2-A9A3-4B75F87A1C41}.AppStore|iPhoneSimulator.ActiveCfg = Release|x86
		{7FF2E991-5383-4BF2-A9A3-4B75F87A1C41}.AppStore|iPhoneSimulator.Build.0 = Release|x86
		{7FF2E991-5383-4BF2-A9A3-4B75F87A1C41}.AppStore|iPhoneSimulator.Deploy.0 = Release|x86
		{7FF2E991-5383-4BF2-A9A3-4B75F87A1C41}.AppStore|x64.ActiveCfg = Release|x64
		{7FF2E991-5383-4BF2-A9A3-4B75F87A1C41}.AppStore|x64.Build.0 = Release|x64
		{7FF2E991-5383-4BF2-A9A3-4B75F87A1C41}.AppStore|x64.Deploy.0 = Release|x64
		{7FF2E991-5383-4BF2-A9A3-4B75F87A1C41}.AppStore|x86.ActiveCfg = Release|x86
		{7FF2E991-5383-4BF2-A9A3-4B75F87A1C41}.AppStore|x86.Build.0 = Release|x86
		{7FF2E991-5383-4BF2-A9A3-4B75F87A1C41}.AppStore|x86.Deploy.0 = Release|x86
		{7FF2E991-5383-4BF2-A9A3-4B75F87A1C41}.Debug|Any CPU.ActiveCfg = Debug|x86
		{7FF2E991-5383-4BF2-A9A3-4B75F87A1C41}.Debug|ARM.ActiveCfg = Debug|ARM
		{7FF2E991-5383-4BF2-A9A3-4B75F87A1C41}.Debug|ARM.Build.0 = Debug|ARM
		{7FF2E991-5383-4BF2-A9A3-4B75F87A1C41}.Debug|ARM.Deploy.0 = Debug|ARM
		{7FF2E991-5383-4BF2-A9A3-4B75F87A1C41}.Debug|iPhone.ActiveCfg = Debug|x86
		{7FF2E991-5383-4BF2-A9A3-4B75F87A1C41}.Debug|iPhoneSimulator.ActiveCfg = Debug|x86
		{7FF2E991-5383-4BF2-A9A3-4B75F87A1C41}.Debug|x64.ActiveCfg = Debug|x64
		{7FF2E991-5383-4BF2-A9A3-4B75F87A1C41}.Debug|x64.Build.0 = Debug|x64
		{7FF2E991-5383-4BF2-A9A3-4B75F87A1C41}.Debug|x64.Deploy.0 = Debug|x64
		{7FF2E991-5383-4BF2-A9A3-4B75F87A1C41}.Debug|x86.ActiveCfg = Debug|x86
		{7FF2E991-5383-4BF2-A9A3-4B75F87A1C41}.Debug|x86.Build.0 = Debug|x86
		{7FF2E991-5383-4BF2-A9A3-4B75F87A1C41}.Debug|x86.Deploy.0 = Debug|x86
		{7FF2E991-5383-4BF2-A9A3-4B75F87A1C41}.Release|Any CPU.ActiveCfg = Release|x86
		{7FF2E991-5383-4BF2-A9A3-4B75F87A1C41}.Release|ARM.ActiveCfg = Release|ARM
		{7FF2E991-5383-4BF2-A9A3-4B75F87A1C41}.Release|ARM.Build.0 = Release|ARM
		{7FF2E991-5383-4BF2-A9A3-4B75F87A1C41}.Release|ARM.Deploy.0 = Release|ARM
		{7FF2E991-5383-4BF2-A9A3-4B75F87A1C41}.Release|iPhone.ActiveCfg = Release|x86
		{7FF2E991-5383-4BF2-A9A3-4B75F87A1C41}.Release|iPhoneSimulator.ActiveCfg = Release|x86
		{7FF2E991-5383-4BF2-A9A3-4B75F87A1C41}.Release|x64.ActiveCfg = Release|x64
		{7FF2E991-5383-4BF2-A9A3-4B75F87A1C41}.Release|x64.Build.0 = Release|x64
		{7FF2E991-5383-4BF2-A9A3-4B75F87A1C41}.Release|x64.Deploy.0 = Release|x64
		{7FF2E991-5383-4BF2-A9A3-4B75F87A1C41}.Release|x86.ActiveCfg = Release|x86
		{7FF2E991-5383-4BF2-A9A3-4B75F87A1C41}.Release|x86.Build.0 = Release|x86
		{7FF2E991-5383-4BF2-A9A3-4B75F87A1C41}.Release|x86.Deploy.0 = Release|x86
		{0B9563B5-56B5-489E-B4A3-AB0985B41108}.Ad-Hoc|Any CPU.ActiveCfg = Ad-Hoc|iPhone
		{0B9563B5-56B5-489E-B4A3-AB0985B41108}.Ad-Hoc|ARM.ActiveCfg = Ad-Hoc|iPhone
		{0B9563B5-56B5-489E-B4A3-AB0985B41108}.Ad-Hoc|iPhone.ActiveCfg = Ad-Hoc|iPhone
		{0B9563B5-56B5-489E-B4A3-AB0985B41108}.Ad-Hoc|iPhone.Build.0 = Ad-Hoc|iPhone
		{0B9563B5-56B5-489E-B4A3-AB0985B41108}.Ad-Hoc|iPhoneSimulator.ActiveCfg = Ad-Hoc|iPhoneSimulator
		{0B9563B5-56B5-489E-B4A3-AB0985B41108}.Ad-Hoc|iPhoneSimulator.Build.0 = Ad-Hoc|iPhoneSimulator
		{0B9563B5-56B5-489E-B4A3-AB0985B41108}.Ad-Hoc|x64.ActiveCfg = Ad-Hoc|iPhone
		{0B9563B5-56B5-489E-B4A3-AB0985B41108}.Ad-Hoc|x86.ActiveCfg = Ad-Hoc|iPhone
		{0B9563B5-56B5-489E-B4A3-AB0985B41108}.AppStore|Any CPU.ActiveCfg = AppStore|iPhone
		{0B9563B5-56B5-489E-B4A3-AB0985B41108}.AppStore|ARM.ActiveCfg = AppStore|iPhone
		{0B9563B5-56B5-489E-B4A3-AB0985B41108}.AppStore|iPhone.ActiveCfg = AppStore|iPhone
		{0B9563B5-56B5-489E-B4A3-AB0985B41108}.AppStore|iPhone.Build.0 = AppStore|iPhone
		{0B9563B5-56B5-489E-B4A3-AB0985B41108}.AppStore|iPhoneSimulator.ActiveCfg = AppStore|iPhoneSimulator
		{0B9563B5-56B5-489E-B4A3-AB0985B41108}.AppStore|iPhoneSimulator.Build.0 = AppStore|iPhoneSimulator
		{0B9563B5-56B5-489E-B4A3-AB0985B41108}.AppStore|x64.ActiveCfg = AppStore|iPhone
		{0B9563B5-56B5-489E-B4A3-AB0985B41108}.AppStore|x86.ActiveCfg = AppStore|iPhone
		{0B9563B5-56B5-489E-B4A3-AB0985B41108}.Debug|Any CPU.ActiveCfg = Debug|iPhone
		{0B9563B5-56B5-489E-B4A3-AB0985B41108}.Debug|ARM.ActiveCfg = Debug|iPhone
		{0B9563B5-56B5-489E-B4A3-AB0985B41108}.Debug|iPhone.ActiveCfg = Debug|iPhone
		{0B9563B5-56B5-489E-B4A3-AB0985B41108}.Debug|iPhone.Build.0 = Debug|iPhone
		{0B9563B5-56B5-489E-B4A3-AB0985B41108}.Debug|iPhoneSimulator.ActiveCfg = Debug|iPhoneSimulator
		{0B9563B5-56B5-489E-B4A3-AB0985B41108}.Debug|iPhoneSimulator.Build.0 = Debug|iPhoneSimulator
		{0B9563B5-56B5-489E-B4A3-AB0985B41108}.Debug|x64.ActiveCfg = Debug|iPhone
		{0B9563B5-56B5-489E-B4A3-AB0985B41108}.Debug|x86.ActiveCfg = Debug|iPhone
		{0B9563B5-56B5-489E-B4A3-AB0985B41108}.Release|Any CPU.ActiveCfg = Release|iPhone
		{0B9563B5-56B5-489E-B4A3-AB0985B41108}.Release|ARM.ActiveCfg = Release|iPhone
		{0B9563B5-56B5-489E-B4A3-AB0985B41108}.Release|iPhone.ActiveCfg = Release|iPhone
		{0B9563B5-56B5-489E-B4A3-AB0985B41108}.Release|iPhone.Build.0 = Release|iPhone
		{0B9563B5-56B5-489E-B4A3-AB0985B41108}.Release|iPhoneSimulator.ActiveCfg = Release|iPhoneSimulator
		{0B9563B5-56B5-489E-B4A3-AB0985B41108}.Release|iPhoneSimulator.Build.0 = Release|iPhoneSimulator
		{0B9563B5-56B5-489E-B4A3-AB0985B41108}.Release|x64.ActiveCfg = Release|iPhone
		{0B9563B5-56B5-489E-B4A3-AB0985B41108}.Release|x86.ActiveCfg = Release|iPhone
	EndGlobalSection
	GlobalSection(SolutionProperties) = preSolution
		HideSolutionNode = FALSE
	EndGlobalSection
EndGlobal
