
Microsoft Visual Studio Solution File, Format Version 12.00
# Visual Studio 14
VisualStudioVersion = 14.0.25420.1
MinimumVisualStudioVersion = 10.0.40219.1
Project("{FAE04EC0-301F-11D3-BF4B-00C04F79EFBC}") = "EPS.Android", "EPS\EPS.Android\EPS.Android.csproj", "{A8F10011-73E1-457B-8BE7-E2D255535920}"
EndProject
Project("{FAE04EC0-301F-11D3-BF4B-00C04F79EFBC}") = "EPS", "EPS\EPS\EPS.csproj", "{CDEBC47E-B7D9-4EA7-9B9B-B4E386ACB1AA}"
EndProject
Project("{FAE04EC0-301F-11D3-BF4B-00C04F79EFBC}") = "EPS.UWP", "EPS\EPS.UWP\EPS.UWP.csproj", "{8A93F688-74C8-412A-B843-CCCE1CA0A494}"
EndProject
Project("{FAE04EC0-301F-11D3-BF4B-00C04F79EFBC}") = "EPS.iOS", "EPS\EPS.iOS\EPS.iOS.csproj", "{E82DB568-F3AD-4470-BB17-5F6F2B7AA62A}"
EndProject
Global
	GlobalSection(SolutionConfigurationPlatforms) = preSolution
		Ad-Hoc|Any CPU = Ad-Hoc|Any CPU
		Ad-Hoc|ARM = Ad-Hoc|ARM
		Ad-Hoc|iPhone = Ad-Hoc|iPhone
		Ad-Hoc|iPhoneSimulator = Ad-Hoc|iPhoneSimulator
		Ad-Hoc|x64 = Ad-Hoc|x64
		Ad-Hoc|x86 = Ad-Hoc|x86
		AppStore|Any CPU = AppStore|Any CPU
		AppStore|ARM = AppStore|ARM
		AppStore|iPhone = AppStore|iPhone
		AppStore|iPhoneSimulator = AppStore|iPhoneSimulator
		AppStore|x64 = AppStore|x64
		AppStore|x86 = AppStore|x86
		Debug|Any CPU = Debug|Any CPU
		Debug|ARM = Debug|ARM
		Debug|iPhone = Debug|iPhone
		Debug|iPhoneSimulator = Debug|iPhoneSimulator
		Debug|x64 = Debug|x64
		Debug|x86 = Debug|x86
		Release|Any CPU = Release|Any CPU
		Release|ARM = Release|ARM
		Release|iPhone = Release|iPhone
		Release|iPhoneSimulator = Release|iPhoneSimulator
		Release|x64 = Release|x64
		Release|x86 = Release|x86
	EndGlobalSection
	GlobalSection(ProjectConfigurationPlatforms) = postSolution
		{A8F10011-73E1-457B-8BE7-E2D255535920}.Ad-Hoc|Any CPU.ActiveCfg = Release|Any CPU
		{A8F10011-73E1-457B-8BE7-E2D255535920}.Ad-Hoc|Any CPU.Build.0 = Release|Any CPU
		{A8F10011-73E1-457B-8BE7-E2D255535920}.Ad-Hoc|Any CPU.Deploy.0 = Release|Any CPU
		{A8F10011-73E1-457B-8BE7-E2D255535920}.Ad-Hoc|ARM.ActiveCfg = Release|Any CPU
		{A8F10011-73E1-457B-8BE7-E2D255535920}.Ad-Hoc|ARM.Build.0 = Release|Any CPU
		{A8F10011-73E1-457B-8BE7-E2D255535920}.Ad-Hoc|ARM.Deploy.0 = Release|Any CPU
		{A8F10011-73E1-457B-8BE7-E2D255535920}.Ad-Hoc|iPhone.ActiveCfg = Release|Any CPU
		{A8F10011-73E1-457B-8BE7-E2D255535920}.Ad-Hoc|iPhone.Build.0 = Release|Any CPU
		{A8F10011-73E1-457B-8BE7-E2D255535920}.Ad-Hoc|iPhone.Deploy.0 = Release|Any CPU
		{A8F10011-73E1-457B-8BE7-E2D255535920}.Ad-Hoc|iPhoneSimulator.ActiveCfg = Release|Any CPU
		{A8F10011-73E1-457B-8BE7-E2D255535920}.Ad-Hoc|iPhoneSimulator.Build.0 = Release|Any CPU
		{A8F10011-73E1-457B-8BE7-E2D255535920}.Ad-Hoc|iPhoneSimulator.Deploy.0 = Release|Any CPU
		{A8F10011-73E1-457B-8BE7-E2D255535920}.Ad-Hoc|x64.ActiveCfg = Release|Any CPU
		{A8F10011-73E1-457B-8BE7-E2D255535920}.Ad-Hoc|x64.Build.0 = Release|Any CPU
		{A8F10011-73E1-457B-8BE7-E2D255535920}.Ad-Hoc|x64.Deploy.0 = Release|Any CPU
		{A8F10011-73E1-457B-8BE7-E2D255535920}.Ad-Hoc|x86.ActiveCfg = Release|Any CPU
		{A8F10011-73E1-457B-8BE7-E2D255535920}.Ad-Hoc|x86.Build.0 = Release|Any CPU
		{A8F10011-73E1-457B-8BE7-E2D255535920}.Ad-Hoc|x86.Deploy.0 = Release|Any CPU
		{A8F10011-73E1-457B-8BE7-E2D255535920}.AppStore|Any CPU.ActiveCfg = Release|Any CPU
		{A8F10011-73E1-457B-8BE7-E2D255535920}.AppStore|Any CPU.Build.0 = Release|Any CPU
		{A8F10011-73E1-457B-8BE7-E2D255535920}.AppStore|Any CPU.Deploy.0 = Release|Any CPU
		{A8F10011-73E1-457B-8BE7-E2D255535920}.AppStore|ARM.ActiveCfg = Release|Any CPU
		{A8F10011-73E1-457B-8BE7-E2D255535920}.AppStore|ARM.Build.0 = Release|Any CPU
		{A8F10011-73E1-457B-8BE7-E2D255535920}.AppStore|ARM.Deploy.0 = Release|Any CPU
		{A8F10011-73E1-457B-8BE7-E2D255535920}.AppStore|iPhone.ActiveCfg = Release|Any CPU
		{A8F10011-73E1-457B-8BE7-E2D255535920}.AppStore|iPhone.Build.0 = Release|Any CPU
		{A8F10011-73E1-457B-8BE7-E2D255535920}.AppStore|iPhone.Deploy.0 = Release|Any CPU
		{A8F10011-73E1-457B-8BE7-E2D255535920}.AppStore|iPhoneSimulator.ActiveCfg = Release|Any CPU
		{A8F10011-73E1-457B-8BE7-E2D255535920}.AppStore|iPhoneSimulator.Build.0 = Release|Any CPU
		{A8F10011-73E1-457B-8BE7-E2D255535920}.AppStore|iPhoneSimulator.Deploy.0 = Release|Any CPU
		{A8F10011-73E1-457B-8BE7-E2D255535920}.AppStore|x64.ActiveCfg = Release|Any CPU
		{A8F10011-73E1-457B-8BE7-E2D255535920}.AppStore|x64.Build.0 = Release|Any CPU
		{A8F10011-73E1-457B-8BE7-E2D255535920}.AppStore|x64.Deploy.0 = Release|Any CPU
		{A8F10011-73E1-457B-8BE7-E2D255535920}.AppStore|x86.ActiveCfg = Release|Any CPU
		{A8F10011-73E1-457B-8BE7-E2D255535920}.AppStore|x86.Build.0 = Release|Any CPU
		{A8F10011-73E1-457B-8BE7-E2D255535920}.AppStore|x86.Deploy.0 = Release|Any CPU
		{A8F10011-73E1-457B-8BE7-E2D255535920}.Debug|Any CPU.ActiveCfg = Debug|Any CPU
		{A8F10011-73E1-457B-8BE7-E2D255535920}.Debug|Any CPU.Build.0 = Debug|Any CPU
		{A8F10011-73E1-457B-8BE7-E2D255535920}.Debug|Any CPU.Deploy.0 = Debug|Any CPU
		{A8F10011-73E1-457B-8BE7-E2D255535920}.Debug|ARM.ActiveCfg = Debug|Any CPU
		{A8F10011-73E1-457B-8BE7-E2D255535920}.Debug|ARM.Build.0 = Debug|Any CPU
		{A8F10011-73E1-457B-8BE7-E2D255535920}.Debug|ARM.Deploy.0 = Debug|Any CPU
		{A8F10011-73E1-457B-8BE7-E2D255535920}.Debug|iPhone.ActiveCfg = Debug|Any CPU
		{A8F10011-73E1-457B-8BE7-E2D255535920}.Debug|iPhone.Build.0 = Debug|Any CPU
		{A8F10011-73E1-457B-8BE7-E2D255535920}.Debug|iPhone.Deploy.0 = Debug|Any CPU
		{A8F10011-73E1-457B-8BE7-E2D255535920}.Debug|iPhoneSimulator.ActiveCfg = Debug|Any CPU
		{A8F10011-73E1-457B-8BE7-E2D255535920}.Debug|iPhoneSimulator.Build.0 = Debug|Any CPU
		{A8F10011-73E1-457B-8BE7-E2D255535920}.Debug|iPhoneSimulator.Deploy.0 = Debug|Any CPU
		{A8F10011-73E1-457B-8BE7-E2D255535920}.Debug|x64.ActiveCfg = Debug|Any CPU
		{A8F10011-73E1-457B-8BE7-E2D255535920}.Debug|x64.Build.0 = Debug|Any CPU
		{A8F10011-73E1-457B-8BE7-E2D255535920}.Debug|x64.Deploy.0 = Debug|Any CPU
		{A8F10011-73E1-457B-8BE7-E2D255535920}.Debug|x86.ActiveCfg = Debug|Any CPU
		{A8F10011-73E1-457B-8BE7-E2D255535920}.Debug|x86.Build.0 = Debug|Any CPU
		{A8F10011-73E1-457B-8BE7-E2D255535920}.Debug|x86.Deploy.0 = Debug|Any CPU
		{A8F10011-73E1-457B-8BE7-E2D255535920}.Release|Any CPU.ActiveCfg = Release|Any CPU
		{A8F10011-73E1-457B-8BE7-E2D255535920}.Release|Any CPU.Build.0 = Release|Any CPU
		{A8F10011-73E1-457B-8BE7-E2D255535920}.Release|Any CPU.Deploy.0 = Release|Any CPU
		{A8F10011-73E1-457B-8BE7-E2D255535920}.Release|ARM.ActiveCfg = Release|Any CPU
		{A8F10011-73E1-457B-8BE7-E2D255535920}.Release|ARM.Build.0 = Release|Any CPU
		{A8F10011-73E1-457B-8BE7-E2D255535920}.Release|ARM.Deploy.0 = Release|Any CPU
		{A8F10011-73E1-457B-8BE7-E2D255535920}.Release|iPhone.ActiveCfg = Release|Any CPU
		{A8F10011-73E1-457B-8BE7-E2D255535920}.Release|iPhone.Build.0 = Release|Any CPU
		{A8F10011-73E1-457B-8BE7-E2D255535920}.Release|iPhone.Deploy.0 = Release|Any CPU
		{A8F10011-73E1-457B-8BE7-E2D255535920}.Release|iPhoneSimulator.ActiveCfg = Release|Any CPU
		{A8F10011-73E1-457B-8BE7-E2D255535920}.Release|iPhoneSimulator.Build.0 = Release|Any CPU
		{A8F10011-73E1-457B-8BE7-E2D255535920}.Release|iPhoneSimulator.Deploy.0 = Release|Any CPU
		{A8F10011-73E1-457B-8BE7-E2D255535920}.Release|x64.ActiveCfg = Release|Any CPU
		{A8F10011-73E1-457B-8BE7-E2D255535920}.Release|x64.Build.0 = Release|Any CPU
		{A8F10011-73E1-457B-8BE7-E2D255535920}.Release|x64.Deploy.0 = Release|Any CPU
		{A8F10011-73E1-457B-8BE7-E2D255535920}.Release|x86.ActiveCfg = Release|Any CPU
		{A8F10011-73E1-457B-8BE7-E2D255535920}.Release|x86.Build.0 = Release|Any CPU
		{A8F10011-73E1-457B-8BE7-E2D255535920}.Release|x86.Deploy.0 = Release|Any CPU
		{CDEBC47E-B7D9-4EA7-9B9B-B4E386ACB1AA}.Ad-Hoc|Any CPU.ActiveCfg = Release|Any CPU
		{CDEBC47E-B7D9-4EA7-9B9B-B4E386ACB1AA}.Ad-Hoc|Any CPU.Build.0 = Release|Any CPU
		{CDEBC47E-B7D9-4EA7-9B9B-B4E386ACB1AA}.Ad-Hoc|ARM.ActiveCfg = Release|Any CPU
		{CDEBC47E-B7D9-4EA7-9B9B-B4E386ACB1AA}.Ad-Hoc|ARM.Build.0 = Release|Any CPU
		{CDEBC47E-B7D9-4EA7-9B9B-B4E386ACB1AA}.Ad-Hoc|iPhone.ActiveCfg = Release|Any CPU
		{CDEBC47E-B7D9-4EA7-9B9B-B4E386ACB1AA}.Ad-Hoc|iPhone.Build.0 = Release|Any CPU
		{CDEBC47E-B7D9-4EA7-9B9B-B4E386ACB1AA}.Ad-Hoc|iPhoneSimulator.ActiveCfg = Release|Any CPU
		{CDEBC47E-B7D9-4EA7-9B9B-B4E386ACB1AA}.Ad-Hoc|iPhoneSimulator.Build.0 = Release|Any CPU
		{CDEBC47E-B7D9-4EA7-9B9B-B4E386ACB1AA}.Ad-Hoc|x64.ActiveCfg = Release|Any CPU
		{CDEBC47E-B7D9-4EA7-9B9B-B4E386ACB1AA}.Ad-Hoc|x64.Build.0 = Release|Any CPU
		{CDEBC47E-B7D9-4EA7-9B9B-B4E386ACB1AA}.Ad-Hoc|x86.ActiveCfg = Release|Any CPU
		{CDEBC47E-B7D9-4EA7-9B9B-B4E386ACB1AA}.Ad-Hoc|x86.Build.0 = Release|Any CPU
		{CDEBC47E-B7D9-4EA7-9B9B-B4E386ACB1AA}.AppStore|Any CPU.ActiveCfg = Release|Any CPU
		{CDEBC47E-B7D9-4EA7-9B9B-B4E386ACB1AA}.AppStore|Any CPU.Build.0 = Release|Any CPU
		{CDEBC47E-B7D9-4EA7-9B9B-B4E386ACB1AA}.AppStore|ARM.ActiveCfg = Release|Any CPU
		{CDEBC47E-B7D9-4EA7-9B9B-B4E386ACB1AA}.AppStore|ARM.Build.0 = Release|Any CPU
		{CDEBC47E-B7D9-4EA7-9B9B-B4E386ACB1AA}.AppStore|iPhone.ActiveCfg = Release|Any CPU
		{CDEBC47E-B7D9-4EA7-9B9B-B4E386ACB1AA}.AppStore|iPhone.Build.0 = Release|Any CPU
		{CDEBC47E-B7D9-4EA7-9B9B-B4E386ACB1AA}.AppStore|iPhoneSimulator.ActiveCfg = Release|Any CPU
		{CDEBC47E-B7D9-4EA7-9B9B-B4E386ACB1AA}.AppStore|iPhoneSimulator.Build.0 = Release|Any CPU
		{CDEBC47E-B7D9-4EA7-9B9B-B4E386ACB1AA}.AppStore|x64.ActiveCfg = Release|Any CPU
		{CDEBC47E-B7D9-4EA7-9B9B-B4E386ACB1AA}.AppStore|x64.Build.0 = Release|Any CPU
		{CDEBC47E-B7D9-4EA7-9B9B-B4E386ACB1AA}.AppStore|x86.ActiveCfg = Release|Any CPU
		{CDEBC47E-B7D9-4EA7-9B9B-B4E386ACB1AA}.AppStore|x86.Build.0 = Release|Any CPU
		{CDEBC47E-B7D9-4EA7-9B9B-B4E386ACB1AA}.Debug|Any CPU.ActiveCfg = Debug|Any CPU
		{CDEBC47E-B7D9-4EA7-9B9B-B4E386ACB1AA}.Debug|Any CPU.Build.0 = Debug|Any CPU
		{CDEBC47E-B7D9-4EA7-9B9B-B4E386ACB1AA}.Debug|ARM.ActiveCfg = Debug|Any CPU
		{CDEBC47E-B7D9-4EA7-9B9B-B4E386ACB1AA}.Debug|ARM.Build.0 = Debug|Any CPU
		{CDEBC47E-B7D9-4EA7-9B9B-B4E386ACB1AA}.Debug|iPhone.ActiveCfg = Debug|Any CPU
		{CDEBC47E-B7D9-4EA7-9B9B-B4E386ACB1AA}.Debug|iPhone.Build.0 = Debug|Any CPU
		{CDEBC47E-B7D9-4EA7-9B9B-B4E386ACB1AA}.Debug|iPhoneSimulator.ActiveCfg = Debug|Any CPU
		{CDEBC47E-B7D9-4EA7-9B9B-B4E386ACB1AA}.Debug|iPhoneSimulator.Build.0 = Debug|Any CPU
		{CDEBC47E-B7D9-4EA7-9B9B-B4E386ACB1AA}.Debug|x64.ActiveCfg = Debug|Any CPU
		{CDEBC47E-B7D9-4EA7-9B9B-B4E386ACB1AA}.Debug|x64.Build.0 = Debug|Any CPU
		{CDEBC47E-B7D9-4EA7-9B9B-B4E386ACB1AA}.Debug|x86.ActiveCfg = Debug|Any CPU
		{CDEBC47E-B7D9-4EA7-9B9B-B4E386ACB1AA}.Debug|x86.Build.0 = Debug|Any CPU
		{CDEBC47E-B7D9-4EA7-9B9B-B4E386ACB1AA}.Release|Any CPU.ActiveCfg = Release|Any CPU
		{CDEBC47E-B7D9-4EA7-9B9B-B4E386ACB1AA}.Release|Any CPU.Build.0 = Release|Any CPU
		{CDEBC47E-B7D9-4EA7-9B9B-B4E386ACB1AA}.Release|ARM.ActiveCfg = Release|Any CPU
		{CDEBC47E-B7D9-4EA7-9B9B-B4E386ACB1AA}.Release|ARM.Build.0 = Release|Any CPU
		{CDEBC47E-B7D9-4EA7-9B9B-B4E386ACB1AA}.Release|iPhone.ActiveCfg = Release|Any CPU
		{CDEBC47E-B7D9-4EA7-9B9B-B4E386ACB1AA}.Release|iPhone.Build.0 = Release|Any CPU
		{CDEBC47E-B7D9-4EA7-9B9B-B4E386ACB1AA}.Release|iPhoneSimulator.ActiveCfg = Release|Any CPU
		{CDEBC47E-B7D9-4EA7-9B9B-B4E386ACB1AA}.Release|iPhoneSimulator.Build.0 = Release|Any CPU
		{CDEBC47E-B7D9-4EA7-9B9B-B4E386ACB1AA}.Release|x64.ActiveCfg = Release|Any CPU
		{CDEBC47E-B7D9-4EA7-9B9B-B4E386ACB1AA}.Release|x64.Build.0 = Release|Any CPU
		{CDEBC47E-B7D9-4EA7-9B9B-B4E386ACB1AA}.Release|x86.ActiveCfg = Release|Any CPU
		{CDEBC47E-B7D9-4EA7-9B9B-B4E386ACB1AA}.Release|x86.Build.0 = Release|Any CPU
		{8A93F688-74C8-412A-B843-CCCE1CA0A494}.Ad-Hoc|Any CPU.ActiveCfg = Release|x86
		{8A93F688-74C8-412A-B843-CCCE1CA0A494}.Ad-Hoc|Any CPU.Build.0 = Release|x86
		{8A93F688-74C8-412A-B843-CCCE1CA0A494}.Ad-Hoc|Any CPU.Deploy.0 = Release|x86
		{8A93F688-74C8-412A-B843-CCCE1CA0A494}.Ad-Hoc|ARM.ActiveCfg = Release|ARM
		{8A93F688-74C8-412A-B843-CCCE1CA0A494}.Ad-Hoc|ARM.Build.0 = Release|ARM
		{8A93F688-74C8-412A-B843-CCCE1CA0A494}.Ad-Hoc|ARM.Deploy.0 = Release|ARM
		{8A93F688-74C8-412A-B843-CCCE1CA0A494}.Ad-Hoc|iPhone.ActiveCfg = Release|x86
		{8A93F688-74C8-412A-B843-CCCE1CA0A494}.Ad-Hoc|iPhone.Build.0 = Release|x86
		{8A93F688-74C8-412A-B843-CCCE1CA0A494}.Ad-Hoc|iPhone.Deploy.0 = Release|x86
		{8A93F688-74C8-412A-B843-CCCE1CA0A494}.Ad-Hoc|iPhoneSimulator.ActiveCfg = Release|x86
		{8A93F688-74C8-412A-B843-CCCE1CA0A494}.Ad-Hoc|iPhoneSimulator.Build.0 = Release|x86
		{8A93F688-74C8-412A-B843-CCCE1CA0A494}.Ad-Hoc|iPhoneSimulator.Deploy.0 = Release|x86
		{8A93F688-74C8-412A-B843-CCCE1CA0A494}.Ad-Hoc|x64.ActiveCfg = Release|x64
		{8A93F688-74C8-412A-B843-CCCE1CA0A494}.Ad-Hoc|x64.Build.0 = Release|x64
		{8A93F688-74C8-412A-B843-CCCE1CA0A494}.Ad-Hoc|x64.Deploy.0 = Release|x64
		{8A93F688-74C8-412A-B843-CCCE1CA0A494}.Ad-Hoc|x86.ActiveCfg = Release|x86
		{8A93F688-74C8-412A-B843-CCCE1CA0A494}.Ad-Hoc|x86.Build.0 = Release|x86
		{8A93F688-74C8-412A-B843-CCCE1CA0A494}.Ad-Hoc|x86.Deploy.0 = Release|x86
		{8A93F688-74C8-412A-B843-CCCE1CA0A494}.AppStore|Any CPU.ActiveCfg = Release|x86
		{8A93F688-74C8-412A-B843-CCCE1CA0A494}.AppStore|Any CPU.Build.0 = Release|x86
		{8A93F688-74C8-412A-B843-CCCE1CA0A494}.AppStore|Any CPU.Deploy.0 = Release|x86
		{8A93F688-74C8-412A-B843-CCCE1CA0A494}.AppStore|ARM.ActiveCfg = Release|ARM
		{8A93F688-74C8-412A-B843-CCCE1CA0A494}.AppStore|ARM.Build.0 = Release|ARM
		{8A93F688-74C8-412A-B843-CCCE1CA0A494}.AppStore|ARM.Deploy.0 = Release|ARM
		{8A93F688-74C8-412A-B843-CCCE1CA0A494}.AppStore|iPhone.ActiveCfg = Release|x86
		{8A93F688-74C8-412A-B843-CCCE1CA0A494}.AppStore|iPhone.Build.0 = Release|x86
		{8A93F688-74C8-412A-B843-CCCE1CA0A494}.AppStore|iPhone.Deploy.0 = Release|x86
		{8A93F688-74C8-412A-B843-CCCE1CA0A494}.AppStore|iPhoneSimulator.ActiveCfg = Release|x86
		{8A93F688-74C8-412A-B843-CCCE1CA0A494}.AppStore|iPhoneSimulator.Build.0 = Release|x86
		{8A93F688-74C8-412A-B843-CCCE1CA0A494}.AppStore|iPhoneSimulator.Deploy.0 = Release|x86
		{8A93F688-74C8-412A-B843-CCCE1CA0A494}.AppStore|x64.ActiveCfg = Release|x64
		{8A93F688-74C8-412A-B843-CCCE1CA0A494}.AppStore|x64.Build.0 = Release|x64
		{8A93F688-74C8-412A-B843-CCCE1CA0A494}.AppStore|x64.Deploy.0 = Release|x64
		{8A93F688-74C8-412A-B843-CCCE1CA0A494}.AppStore|x86.ActiveCfg = Release|x86
		{8A93F688-74C8-412A-B843-CCCE1CA0A494}.AppStore|x86.Build.0 = Release|x86
		{8A93F688-74C8-412A-B843-CCCE1CA0A494}.AppStore|x86.Deploy.0 = Release|x86
		{8A93F688-74C8-412A-B843-CCCE1CA0A494}.Debug|Any CPU.ActiveCfg = Debug|x86
		{8A93F688-74C8-412A-B843-CCCE1CA0A494}.Debug|ARM.ActiveCfg = Debug|ARM
		{8A93F688-74C8-412A-B843-CCCE1CA0A494}.Debug|ARM.Build.0 = Debug|ARM
		{8A93F688-74C8-412A-B843-CCCE1CA0A494}.Debug|ARM.Deploy.0 = Debug|ARM
		{8A93F688-74C8-412A-B843-CCCE1CA0A494}.Debug|iPhone.ActiveCfg = Debug|x86
		{8A93F688-74C8-412A-B843-CCCE1CA0A494}.Debug|iPhoneSimulator.ActiveCfg = Debug|x86
		{8A93F688-74C8-412A-B843-CCCE1CA0A494}.Debug|x64.ActiveCfg = Debug|x64
		{8A93F688-74C8-412A-B843-CCCE1CA0A494}.Debug|x64.Build.0 = Debug|x64
		{8A93F688-74C8-412A-B843-CCCE1CA0A494}.Debug|x64.Deploy.0 = Debug|x64
		{8A93F688-74C8-412A-B843-CCCE1CA0A494}.Debug|x86.ActiveCfg = Debug|x86
		{8A93F688-74C8-412A-B843-CCCE1CA0A494}.Debug|x86.Build.0 = Debug|x86
		{8A93F688-74C8-412A-B843-CCCE1CA0A494}.Debug|x86.Deploy.0 = Debug|x86
		{8A93F688-74C8-412A-B843-CCCE1CA0A494}.Release|Any CPU.ActiveCfg = Release|x86
		{8A93F688-74C8-412A-B843-CCCE1CA0A494}.Release|ARM.ActiveCfg = Release|ARM
		{8A93F688-74C8-412A-B843-CCCE1CA0A494}.Release|ARM.Build.0 = Release|ARM
		{8A93F688-74C8-412A-B843-CCCE1CA0A494}.Release|ARM.Deploy.0 = Release|ARM
		{8A93F688-74C8-412A-B843-CCCE1CA0A494}.Release|iPhone.ActiveCfg = Release|x86
		{8A93F688-74C8-412A-B843-CCCE1CA0A494}.Release|iPhoneSimulator.ActiveCfg = Release|x86
		{8A93F688-74C8-412A-B843-CCCE1CA0A494}.Release|x64.ActiveCfg = Release|x64
		{8A93F688-74C8-412A-B843-CCCE1CA0A494}.Release|x64.Build.0 = Release|x64
		{8A93F688-74C8-412A-B843-CCCE1CA0A494}.Release|x64.Deploy.0 = Release|x64
		{8A93F688-74C8-412A-B843-CCCE1CA0A494}.Release|x86.ActiveCfg = Release|x86
		{8A93F688-74C8-412A-B843-CCCE1CA0A494}.Release|x86.Build.0 = Release|x86
		{8A93F688-74C8-412A-B843-CCCE1CA0A494}.Release|x86.Deploy.0 = Release|x86
		{E82DB568-F3AD-4470-BB17-5F6F2B7AA62A}.Ad-Hoc|Any CPU.ActiveCfg = Ad-Hoc|iPhone
		{E82DB568-F3AD-4470-BB17-5F6F2B7AA62A}.Ad-Hoc|ARM.ActiveCfg = Ad-Hoc|iPhone
		{E82DB568-F3AD-4470-BB17-5F6F2B7AA62A}.Ad-Hoc|iPhone.ActiveCfg = Ad-Hoc|iPhone
		{E82DB568-F3AD-4470-BB17-5F6F2B7AA62A}.Ad-Hoc|iPhone.Build.0 = Ad-Hoc|iPhone
		{E82DB568-F3AD-4470-BB17-5F6F2B7AA62A}.Ad-Hoc|iPhoneSimulator.ActiveCfg = Ad-Hoc|iPhoneSimulator
		{E82DB568-F3AD-4470-BB17-5F6F2B7AA62A}.Ad-Hoc|iPhoneSimulator.Build.0 = Ad-Hoc|iPhoneSimulator
		{E82DB568-F3AD-4470-BB17-5F6F2B7AA62A}.Ad-Hoc|x64.ActiveCfg = Ad-Hoc|iPhone
		{E82DB568-F3AD-4470-BB17-5F6F2B7AA62A}.Ad-Hoc|x86.ActiveCfg = Ad-Hoc|iPhone
		{E82DB568-F3AD-4470-BB17-5F6F2B7AA62A}.AppStore|Any CPU.ActiveCfg = AppStore|iPhone
		{E82DB568-F3AD-4470-BB17-5F6F2B7AA62A}.AppStore|ARM.ActiveCfg = AppStore|iPhone
		{E82DB568-F3AD-4470-BB17-5F6F2B7AA62A}.AppStore|iPhone.ActiveCfg = AppStore|iPhone
		{E82DB568-F3AD-4470-BB17-5F6F2B7AA62A}.AppStore|iPhone.Build.0 = AppStore|iPhone
		{E82DB568-F3AD-4470-BB17-5F6F2B7AA62A}.AppStore|iPhoneSimulator.ActiveCfg = AppStore|iPhoneSimulator
		{E82DB568-F3AD-4470-BB17-5F6F2B7AA62A}.AppStore|iPhoneSimulator.Build.0 = AppStore|iPhoneSimulator
		{E82DB568-F3AD-4470-BB17-5F6F2B7AA62A}.AppStore|x64.ActiveCfg = AppStore|iPhone
		{E82DB568-F3AD-4470-BB17-5F6F2B7AA62A}.AppStore|x86.ActiveCfg = AppStore|iPhone
		{E82DB568-F3AD-4470-BB17-5F6F2B7AA62A}.Debug|Any CPU.ActiveCfg = Debug|iPhone
		{E82DB568-F3AD-4470-BB17-5F6F2B7AA62A}.Debug|ARM.ActiveCfg = Debug|iPhone
		{E82DB568-F3AD-4470-BB17-5F6F2B7AA62A}.Debug|iPhone.ActiveCfg = Debug|iPhone
		{E82DB568-F3AD-4470-BB17-5F6F2B7AA62A}.Debug|iPhone.Build.0 = Debug|iPhone
		{E82DB568-F3AD-4470-BB17-5F6F2B7AA62A}.Debug|iPhoneSimulator.ActiveCfg = Debug|iPhoneSimulator
		{E82DB568-F3AD-4470-BB17-5F6F2B7AA62A}.Debug|iPhoneSimulator.Build.0 = Debug|iPhoneSimulator
		{E82DB568-F3AD-4470-BB17-5F6F2B7AA62A}.Debug|x64.ActiveCfg = Debug|iPhone
		{E82DB568-F3AD-4470-BB17-5F6F2B7AA62A}.Debug|x86.ActiveCfg = Debug|iPhone
		{E82DB568-F3AD-4470-BB17-5F6F2B7AA62A}.Release|Any CPU.ActiveCfg = Release|iPhone
		{E82DB568-F3AD-4470-BB17-5F6F2B7AA62A}.Release|ARM.ActiveCfg = Release|iPhone
		{E82DB568-F3AD-4470-BB17-5F6F2B7AA62A}.Release|iPhone.ActiveCfg = Release|iPhone
		{E82DB568-F3AD-4470-BB17-5F6F2B7AA62A}.Release|iPhone.Build.0 = Release|iPhone
		{E82DB568-F3AD-4470-BB17-5F6F2B7AA62A}.Release|iPhoneSimulator.ActiveCfg = Release|iPhoneSimulator
		{E82DB568-F3AD-4470-BB17-5F6F2B7AA62A}.Release|iPhoneSimulator.Build.0 = Release|iPhoneSimulator
		{E82DB568-F3AD-4470-BB17-5F6F2B7AA62A}.Release|x64.ActiveCfg = Release|iPhone
		{E82DB568-F3AD-4470-BB17-5F6F2B7AA62A}.Release|x86.ActiveCfg = Release|iPhone
	EndGlobalSection
	GlobalSection(SolutionProperties) = preSolution
		HideSolutionNode = FALSE
	EndGlobalSection
EndGlobal
