
Microsoft Visual Studio Solution File, Format Version 12.00
# Visual Studio 14
VisualStudioVersion = 14.0.25420.1
MinimumVisualStudioVersion = 10.0.40219.1
Project("{FAE04EC0-301F-11D3-BF4B-00C04F79EFBC}") = "AreaTriangulo.Android", "AreaTriangulo\AreaTriangulo.Android\AreaTriangulo.Android.csproj", "{CFF9D1C5-2A0B-402B-8096-BD188D85AD6A}"
EndProject
Project("{FAE04EC0-301F-11D3-BF4B-00C04F79EFBC}") = "AreaTriangulo", "AreaTriangulo\AreaTriangulo\AreaTriangulo.csproj", "{2F4E2009-E3ED-438D-9256-5B276AAD7306}"
EndProject
Project("{FAE04EC0-301F-11D3-BF4B-00C04F79EFBC}") = "AreaTriangulo.UWP", "AreaTriangulo\AreaTriangulo.UWP\AreaTriangulo.UWP.csproj", "{044DBFAD-88A9-4F76-9FA2-355F431BED79}"
EndProject
Project("{FAE04EC0-301F-11D3-BF4B-00C04F79EFBC}") = "AreaTriangulo.iOS", "AreaTriangulo\AreaTriangulo.iOS\AreaTriangulo.iOS.csproj", "{086105A6-23DC-4846-BEA3-134BC12FCC6F}"
EndProject
Global
	GlobalSection(SolutionConfigurationPlatforms) = preSolution
		Ad-Hoc|Any CPU = Ad-Hoc|Any CPU
		Ad-Hoc|ARM = Ad-Hoc|ARM
		Ad-Hoc|iPhone = Ad-Hoc|iPhone
		Ad-Hoc|iPhoneSimulator = Ad-Hoc|iPhoneSimulator
		Ad-Hoc|x64 = Ad-Hoc|x64
		Ad-Hoc|x86 = Ad-Hoc|x86
		AppStore|Any CPU = AppStore|Any CPU
		AppStore|ARM = AppStore|ARM
		AppStore|iPhone = AppStore|iPhone
		AppStore|iPhoneSimulator = AppStore|iPhoneSimulator
		AppStore|x64 = AppStore|x64
		AppStore|x86 = AppStore|x86
		Debug|Any CPU = Debug|Any CPU
		Debug|ARM = Debug|ARM
		Debug|iPhone = Debug|iPhone
		Debug|iPhoneSimulator = Debug|iPhoneSimulator
		Debug|x64 = Debug|x64
		Debug|x86 = Debug|x86
		Release|Any CPU = Release|Any CPU
		Release|ARM = Release|ARM
		Release|iPhone = Release|iPhone
		Release|iPhoneSimulator = Release|iPhoneSimulator
		Release|x64 = Release|x64
		Release|x86 = Release|x86
	EndGlobalSection
	GlobalSection(ProjectConfigurationPlatforms) = postSolution
		{CFF9D1C5-2A0B-402B-8096-BD188D85AD6A}.Ad-Hoc|Any CPU.ActiveCfg = Release|Any CPU
		{CFF9D1C5-2A0B-402B-8096-BD188D85AD6A}.Ad-Hoc|Any CPU.Build.0 = Release|Any CPU
		{CFF9D1C5-2A0B-402B-8096-BD188D85AD6A}.Ad-Hoc|Any CPU.Deploy.0 = Release|Any CPU
		{CFF9D1C5-2A0B-402B-8096-BD188D85AD6A}.Ad-Hoc|ARM.ActiveCfg = Release|Any CPU
		{CFF9D1C5-2A0B-402B-8096-BD188D85AD6A}.Ad-Hoc|ARM.Build.0 = Release|Any CPU
		{CFF9D1C5-2A0B-402B-8096-BD188D85AD6A}.Ad-Hoc|ARM.Deploy.0 = Release|Any CPU
		{CFF9D1C5-2A0B-402B-8096-BD188D85AD6A}.Ad-Hoc|iPhone.ActiveCfg = Release|Any CPU
		{CFF9D1C5-2A0B-402B-8096-BD188D85AD6A}.Ad-Hoc|iPhone.Build.0 = Release|Any CPU
		{CFF9D1C5-2A0B-402B-8096-BD188D85AD6A}.Ad-Hoc|iPhone.Deploy.0 = Release|Any CPU
		{CFF9D1C5-2A0B-402B-8096-BD188D85AD6A}.Ad-Hoc|iPhoneSimulator.ActiveCfg = Release|Any CPU
		{CFF9D1C5-2A0B-402B-8096-BD188D85AD6A}.Ad-Hoc|iPhoneSimulator.Build.0 = Release|Any CPU
		{CFF9D1C5-2A0B-402B-8096-BD188D85AD6A}.Ad-Hoc|iPhoneSimulator.Deploy.0 = Release|Any CPU
		{CFF9D1C5-2A0B-402B-8096-BD188D85AD6A}.Ad-Hoc|x64.ActiveCfg = Release|Any CPU
		{CFF9D1C5-2A0B-402B-8096-BD188D85AD6A}.Ad-Hoc|x64.Build.0 = Release|Any CPU
		{CFF9D1C5-2A0B-402B-8096-BD188D85AD6A}.Ad-Hoc|x64.Deploy.0 = Release|Any CPU
		{CFF9D1C5-2A0B-402B-8096-BD188D85AD6A}.Ad-Hoc|x86.ActiveCfg = Release|Any CPU
		{CFF9D1C5-2A0B-402B-8096-BD188D85AD6A}.Ad-Hoc|x86.Build.0 = Release|Any CPU
		{CFF9D1C5-2A0B-402B-8096-BD188D85AD6A}.Ad-Hoc|x86.Deploy.0 = Release|Any CPU
		{CFF9D1C5-2A0B-402B-8096-BD188D85AD6A}.AppStore|Any CPU.ActiveCfg = Release|Any CPU
		{CFF9D1C5-2A0B-402B-8096-BD188D85AD6A}.AppStore|Any CPU.Build.0 = Release|Any CPU
		{CFF9D1C5-2A0B-402B-8096-BD188D85AD6A}.AppStore|Any CPU.Deploy.0 = Release|Any CPU
		{CFF9D1C5-2A0B-402B-8096-BD188D85AD6A}.AppStore|ARM.ActiveCfg = Release|Any CPU
		{CFF9D1C5-2A0B-402B-8096-BD188D85AD6A}.AppStore|ARM.Build.0 = Release|Any CPU
		{CFF9D1C5-2A0B-402B-8096-BD188D85AD6A}.AppStore|ARM.Deploy.0 = Release|Any CPU
		{CFF9D1C5-2A0B-402B-8096-BD188D85AD6A}.AppStore|iPhone.ActiveCfg = Release|Any CPU
		{CFF9D1C5-2A0B-402B-8096-BD188D85AD6A}.AppStore|iPhone.Build.0 = Release|Any CPU
		{CFF9D1C5-2A0B-402B-8096-BD188D85AD6A}.AppStore|iPhone.Deploy.0 = Release|Any CPU
		{CFF9D1C5-2A0B-402B-8096-BD188D85AD6A}.AppStore|iPhoneSimulator.ActiveCfg = Release|Any CPU
		{CFF9D1C5-2A0B-402B-8096-BD188D85AD6A}.AppStore|iPhoneSimulator.Build.0 = Release|Any CPU
		{CFF9D1C5-2A0B-402B-8096-BD188D85AD6A}.AppStore|iPhoneSimulator.Deploy.0 = Release|Any CPU
		{CFF9D1C5-2A0B-402B-8096-BD188D85AD6A}.AppStore|x64.ActiveCfg = Release|Any CPU
		{CFF9D1C5-2A0B-402B-8096-BD188D85AD6A}.AppStore|x64.Build.0 = Release|Any CPU
		{CFF9D1C5-2A0B-402B-8096-BD188D85AD6A}.AppStore|x64.Deploy.0 = Release|Any CPU
		{CFF9D1C5-2A0B-402B-8096-BD188D85AD6A}.AppStore|x86.ActiveCfg = Release|Any CPU
		{CFF9D1C5-2A0B-402B-8096-BD188D85AD6A}.AppStore|x86.Build.0 = Release|Any CPU
		{CFF9D1C5-2A0B-402B-8096-BD188D85AD6A}.AppStore|x86.Deploy.0 = Release|Any CPU
		{CFF9D1C5-2A0B-402B-8096-BD188D85AD6A}.Debug|Any CPU.ActiveCfg = Debug|Any CPU
		{CFF9D1C5-2A0B-402B-8096-BD188D85AD6A}.Debug|Any CPU.Build.0 = Debug|Any CPU
		{CFF9D1C5-2A0B-402B-8096-BD188D85AD6A}.Debug|Any CPU.Deploy.0 = Debug|Any CPU
		{CFF9D1C5-2A0B-402B-8096-BD188D85AD6A}.Debug|ARM.ActiveCfg = Debug|Any CPU
		{CFF9D1C5-2A0B-402B-8096-BD188D85AD6A}.Debug|ARM.Build.0 = Debug|Any CPU
		{CFF9D1C5-2A0B-402B-8096-BD188D85AD6A}.Debug|ARM.Deploy.0 = Debug|Any CPU
		{CFF9D1C5-2A0B-402B-8096-BD188D85AD6A}.Debug|iPhone.ActiveCfg = Debug|Any CPU
		{CFF9D1C5-2A0B-402B-8096-BD188D85AD6A}.Debug|iPhone.Build.0 = Debug|Any CPU
		{CFF9D1C5-2A0B-402B-8096-BD188D85AD6A}.Debug|iPhone.Deploy.0 = Debug|Any CPU
		{CFF9D1C5-2A0B-402B-8096-BD188D85AD6A}.Debug|iPhoneSimulator.ActiveCfg = Debug|Any CPU
		{CFF9D1C5-2A0B-402B-8096-BD188D85AD6A}.Debug|iPhoneSimulator.Build.0 = Debug|Any CPU
		{CFF9D1C5-2A0B-402B-8096-BD188D85AD6A}.Debug|iPhoneSimulator.Deploy.0 = Debug|Any CPU
		{CFF9D1C5-2A0B-402B-8096-BD188D85AD6A}.Debug|x64.ActiveCfg = Debug|Any CPU
		{CFF9D1C5-2A0B-402B-8096-BD188D85AD6A}.Debug|x64.Build.0 = Debug|Any CPU
		{CFF9D1C5-2A0B-402B-8096-BD188D85AD6A}.Debug|x64.Deploy.0 = Debug|Any CPU
		{CFF9D1C5-2A0B-402B-8096-BD188D85AD6A}.Debug|x86.ActiveCfg = Debug|Any CPU
		{CFF9D1C5-2A0B-402B-8096-BD188D85AD6A}.Debug|x86.Build.0 = Debug|Any CPU
		{CFF9D1C5-2A0B-402B-8096-BD188D85AD6A}.Debug|x86.Deploy.0 = Debug|Any CPU
		{CFF9D1C5-2A0B-402B-8096-BD188D85AD6A}.Release|Any CPU.ActiveCfg = Release|Any CPU
		{CFF9D1C5-2A0B-402B-8096-BD188D85AD6A}.Release|Any CPU.Build.0 = Release|Any CPU
		{CFF9D1C5-2A0B-402B-8096-BD188D85AD6A}.Release|Any CPU.Deploy.0 = Release|Any CPU
		{CFF9D1C5-2A0B-402B-8096-BD188D85AD6A}.Release|ARM.ActiveCfg = Release|Any CPU
		{CFF9D1C5-2A0B-402B-8096-BD188D85AD6A}.Release|ARM.Build.0 = Release|Any CPU
		{CFF9D1C5-2A0B-402B-8096-BD188D85AD6A}.Release|ARM.Deploy.0 = Release|Any CPU
		{CFF9D1C5-2A0B-402B-8096-BD188D85AD6A}.Release|iPhone.ActiveCfg = Release|Any CPU
		{CFF9D1C5-2A0B-402B-8096-BD188D85AD6A}.Release|iPhone.Build.0 = Release|Any CPU
		{CFF9D1C5-2A0B-402B-8096-BD188D85AD6A}.Release|iPhone.Deploy.0 = Release|Any CPU
		{CFF9D1C5-2A0B-402B-8096-BD188D85AD6A}.Release|iPhoneSimulator.ActiveCfg = Release|Any CPU
		{CFF9D1C5-2A0B-402B-8096-BD188D85AD6A}.Release|iPhoneSimulator.Build.0 = Release|Any CPU
		{CFF9D1C5-2A0B-402B-8096-BD188D85AD6A}.Release|iPhoneSimulator.Deploy.0 = Release|Any CPU
		{CFF9D1C5-2A0B-402B-8096-BD188D85AD6A}.Release|x64.ActiveCfg = Release|Any CPU
		{CFF9D1C5-2A0B-402B-8096-BD188D85AD6A}.Release|x64.Build.0 = Release|Any CPU
		{CFF9D1C5-2A0B-402B-8096-BD188D85AD6A}.Release|x64.Deploy.0 = Release|Any CPU
		{CFF9D1C5-2A0B-402B-8096-BD188D85AD6A}.Release|x86.ActiveCfg = Release|Any CPU
		{CFF9D1C5-2A0B-402B-8096-BD188D85AD6A}.Release|x86.Build.0 = Release|Any CPU
		{CFF9D1C5-2A0B-402B-8096-BD188D85AD6A}.Release|x86.Deploy.0 = Release|Any CPU
		{2F4E2009-E3ED-438D-9256-5B276AAD7306}.Ad-Hoc|Any CPU.ActiveCfg = Release|Any CPU
		{2F4E2009-E3ED-438D-9256-5B276AAD7306}.Ad-Hoc|Any CPU.Build.0 = Release|Any CPU
		{2F4E2009-E3ED-438D-9256-5B276AAD7306}.Ad-Hoc|ARM.ActiveCfg = Release|Any CPU
		{2F4E2009-E3ED-438D-9256-5B276AAD7306}.Ad-Hoc|ARM.Build.0 = Release|Any CPU
		{2F4E2009-E3ED-438D-9256-5B276AAD7306}.Ad-Hoc|iPhone.ActiveCfg = Release|Any CPU
		{2F4E2009-E3ED-438D-9256-5B276AAD7306}.Ad-Hoc|iPhone.Build.0 = Release|Any CPU
		{2F4E2009-E3ED-438D-9256-5B276AAD7306}.Ad-Hoc|iPhoneSimulator.ActiveCfg = Release|Any CPU
		{2F4E2009-E3ED-438D-9256-5B276AAD7306}.Ad-Hoc|iPhoneSimulator.Build.0 = Release|Any CPU
		{2F4E2009-E3ED-438D-9256-5B276AAD7306}.Ad-Hoc|x64.ActiveCfg = Release|Any CPU
		{2F4E2009-E3ED-438D-9256-5B276AAD7306}.Ad-Hoc|x64.Build.0 = Release|Any CPU
		{2F4E2009-E3ED-438D-9256-5B276AAD7306}.Ad-Hoc|x86.ActiveCfg = Release|Any CPU
		{2F4E2009-E3ED-438D-9256-5B276AAD7306}.Ad-Hoc|x86.Build.0 = Release|Any CPU
		{2F4E2009-E3ED-438D-9256-5B276AAD7306}.AppStore|Any CPU.ActiveCfg = Release|Any CPU
		{2F4E2009-E3ED-438D-9256-5B276AAD7306}.AppStore|Any CPU.Build.0 = Release|Any CPU
		{2F4E2009-E3ED-438D-9256-5B276AAD7306}.AppStore|ARM.ActiveCfg = Release|Any CPU
		{2F4E2009-E3ED-438D-9256-5B276AAD7306}.AppStore|ARM.Build.0 = Release|Any CPU
		{2F4E2009-E3ED-438D-9256-5B276AAD7306}.AppStore|iPhone.ActiveCfg = Release|Any CPU
		{2F4E2009-E3ED-438D-9256-5B276AAD7306}.AppStore|iPhone.Build.0 = Release|Any CPU
		{2F4E2009-E3ED-438D-9256-5B276AAD7306}.AppStore|iPhoneSimulator.ActiveCfg = Release|Any CPU
		{2F4E2009-E3ED-438D-9256-5B276AAD7306}.AppStore|iPhoneSimulator.Build.0 = Release|Any CPU
		{2F4E2009-E3ED-438D-9256-5B276AAD7306}.AppStore|x64.ActiveCfg = Release|Any CPU
		{2F4E2009-E3ED-438D-9256-5B276AAD7306}.AppStore|x64.Build.0 = Release|Any CPU
		{2F4E2009-E3ED-438D-9256-5B276AAD7306}.AppStore|x86.ActiveCfg = Release|Any CPU
		{2F4E2009-E3ED-438D-9256-5B276AAD7306}.AppStore|x86.Build.0 = Release|Any CPU
		{2F4E2009-E3ED-438D-9256-5B276AAD7306}.Debug|Any CPU.ActiveCfg = Debug|Any CPU
		{2F4E2009-E3ED-438D-9256-5B276AAD7306}.Debug|Any CPU.Build.0 = Debug|Any CPU
		{2F4E2009-E3ED-438D-9256-5B276AAD7306}.Debug|ARM.ActiveCfg = Debug|Any CPU
		{2F4E2009-E3ED-438D-9256-5B276AAD7306}.Debug|ARM.Build.0 = Debug|Any CPU
		{2F4E2009-E3ED-438D-9256-5B276AAD7306}.Debug|iPhone.ActiveCfg = Debug|Any CPU
		{2F4E2009-E3ED-438D-9256-5B276AAD7306}.Debug|iPhone.Build.0 = Debug|Any CPU
		{2F4E2009-E3ED-438D-9256-5B276AAD7306}.Debug|iPhoneSimulator.ActiveCfg = Debug|Any CPU
		{2F4E2009-E3ED-438D-9256-5B276AAD7306}.Debug|iPhoneSimulator.Build.0 = Debug|Any CPU
		{2F4E2009-E3ED-438D-9256-5B276AAD7306}.Debug|x64.ActiveCfg = Debug|Any CPU
		{2F4E2009-E3ED-438D-9256-5B276AAD7306}.Debug|x64.Build.0 = Debug|Any CPU
		{2F4E2009-E3ED-438D-9256-5B276AAD7306}.Debug|x86.ActiveCfg = Debug|Any CPU
		{2F4E2009-E3ED-438D-9256-5B276AAD7306}.Debug|x86.Build.0 = Debug|Any CPU
		{2F4E2009-E3ED-438D-9256-5B276AAD7306}.Release|Any CPU.ActiveCfg = Release|Any CPU
		{2F4E2009-E3ED-438D-9256-5B276AAD7306}.Release|Any CPU.Build.0 = Release|Any CPU
		{2F4E2009-E3ED-438D-9256-5B276AAD7306}.Release|ARM.ActiveCfg = Release|Any CPU
		{2F4E2009-E3ED-438D-9256-5B276AAD7306}.Release|ARM.Build.0 = Release|Any CPU
		{2F4E2009-E3ED-438D-9256-5B276AAD7306}.Release|iPhone.ActiveCfg = Release|Any CPU
		{2F4E2009-E3ED-438D-9256-5B276AAD7306}.Release|iPhone.Build.0 = Release|Any CPU
		{2F4E2009-E3ED-438D-9256-5B276AAD7306}.Release|iPhoneSimulator.ActiveCfg = Release|Any CPU
		{2F4E2009-E3ED-438D-9256-5B276AAD7306}.Release|iPhoneSimulator.Build.0 = Release|Any CPU
		{2F4E2009-E3ED-438D-9256-5B276AAD7306}.Release|x64.ActiveCfg = Release|Any CPU
		{2F4E2009-E3ED-438D-9256-5B276AAD7306}.Release|x64.Build.0 = Release|Any CPU
		{2F4E2009-E3ED-438D-9256-5B276AAD7306}.Release|x86.ActiveCfg = Release|Any CPU
		{2F4E2009-E3ED-438D-9256-5B276AAD7306}.Release|x86.Build.0 = Release|Any CPU
		{044DBFAD-88A9-4F76-9FA2-355F431BED79}.Ad-Hoc|Any CPU.ActiveCfg = Release|x86
		{044DBFAD-88A9-4F76-9FA2-355F431BED79}.Ad-Hoc|Any CPU.Build.0 = Release|x86
		{044DBFAD-88A9-4F76-9FA2-355F431BED79}.Ad-Hoc|Any CPU.Deploy.0 = Release|x86
		{044DBFAD-88A9-4F76-9FA2-355F431BED79}.Ad-Hoc|ARM.ActiveCfg = Release|ARM
		{044DBFAD-88A9-4F76-9FA2-355F431BED79}.Ad-Hoc|ARM.Build.0 = Release|ARM
		{044DBFAD-88A9-4F76-9FA2-355F431BED79}.Ad-Hoc|ARM.Deploy.0 = Release|ARM
		{044DBFAD-88A9-4F76-9FA2-355F431BED79}.Ad-Hoc|iPhone.ActiveCfg = Release|x86
		{044DBFAD-88A9-4F76-9FA2-355F431BED79}.Ad-Hoc|iPhone.Build.0 = Release|x86
		{044DBFAD-88A9-4F76-9FA2-355F431BED79}.Ad-Hoc|iPhone.Deploy.0 = Release|x86
		{044DBFAD-88A9-4F76-9FA2-355F431BED79}.Ad-Hoc|iPhoneSimulator.ActiveCfg = Release|x86
		{044DBFAD-88A9-4F76-9FA2-355F431BED79}.Ad-Hoc|iPhoneSimulator.Build.0 = Release|x86
		{044DBFAD-88A9-4F76-9FA2-355F431BED79}.Ad-Hoc|iPhoneSimulator.Deploy.0 = Release|x86
		{044DBFAD-88A9-4F76-9FA2-355F431BED79}.Ad-Hoc|x64.ActiveCfg = Release|x64
		{044DBFAD-88A9-4F76-9FA2-355F431BED79}.Ad-Hoc|x64.Build.0 = Release|x64
		{044DBFAD-88A9-4F76-9FA2-355F431BED79}.Ad-Hoc|x64.Deploy.0 = Release|x64
		{044DBFAD-88A9-4F76-9FA2-355F431BED79}.Ad-Hoc|x86.ActiveCfg = Release|x86
		{044DBFAD-88A9-4F76-9FA2-355F431BED79}.Ad-Hoc|x86.Build.0 = Release|x86
		{044DBFAD-88A9-4F76-9FA2-355F431BED79}.Ad-Hoc|x86.Deploy.0 = Release|x86
		{044DBFAD-88A9-4F76-9FA2-355F431BED79}.AppStore|Any CPU.ActiveCfg = Release|x86
		{044DBFAD-88A9-4F76-9FA2-355F431BED79}.AppStore|Any CPU.Build.0 = Release|x86
		{044DBFAD-88A9-4F76-9FA2-355F431BED79}.AppStore|Any CPU.Deploy.0 = Release|x86
		{044DBFAD-88A9-4F76-9FA2-355F431BED79}.AppStore|ARM.ActiveCfg = Release|ARM
		{044DBFAD-88A9-4F76-9FA2-355F431BED79}.AppStore|ARM.Build.0 = Release|ARM
		{044DBFAD-88A9-4F76-9FA2-355F431BED79}.AppStore|ARM.Deploy.0 = Release|ARM
		{044DBFAD-88A9-4F76-9FA2-355F431BED79}.AppStore|iPhone.ActiveCfg = Release|x86
		{044DBFAD-88A9-4F76-9FA2-355F431BED79}.AppStore|iPhone.Build.0 = Release|x86
		{044DBFAD-88A9-4F76-9FA2-355F431BED79}.AppStore|iPhone.Deploy.0 = Release|x86
		{044DBFAD-88A9-4F76-9FA2-355F431BED79}.AppStore|iPhoneSimulator.ActiveCfg = Release|x86
		{044DBFAD-88A9-4F76-9FA2-355F431BED79}.AppStore|iPhoneSimulator.Build.0 = Release|x86
		{044DBFAD-88A9-4F76-9FA2-355F431BED79}.AppStore|iPhoneSimulator.Deploy.0 = Release|x86
		{044DBFAD-88A9-4F76-9FA2-355F431BED79}.AppStore|x64.ActiveCfg = Release|x64
		{044DBFAD-88A9-4F76-9FA2-355F431BED79}.AppStore|x64.Build.0 = Release|x64
		{044DBFAD-88A9-4F76-9FA2-355F431BED79}.AppStore|x64.Deploy.0 = Release|x64
		{044DBFAD-88A9-4F76-9FA2-355F431BED79}.AppStore|x86.ActiveCfg = Release|x86
		{044DBFAD-88A9-4F76-9FA2-355F431BED79}.AppStore|x86.Build.0 = Release|x86
		{044DBFAD-88A9-4F76-9FA2-355F431BED79}.AppStore|x86.Deploy.0 = Release|x86
		{044DBFAD-88A9-4F76-9FA2-355F431BED79}.Debug|Any CPU.ActiveCfg = Debug|x86
		{044DBFAD-88A9-4F76-9FA2-355F431BED79}.Debug|ARM.ActiveCfg = Debug|ARM
		{044DBFAD-88A9-4F76-9FA2-355F431BED79}.Debug|ARM.Build.0 = Debug|ARM
		{044DBFAD-88A9-4F76-9FA2-355F431BED79}.Debug|ARM.Deploy.0 = Debug|ARM
		{044DBFAD-88A9-4F76-9FA2-355F431BED79}.Debug|iPhone.ActiveCfg = Debug|x86
		{044DBFAD-88A9-4F76-9FA2-355F431BED79}.Debug|iPhoneSimulator.ActiveCfg = Debug|x86
		{044DBFAD-88A9-4F76-9FA2-355F431BED79}.Debug|x64.ActiveCfg = Debug|x64
		{044DBFAD-88A9-4F76-9FA2-355F431BED79}.Debug|x64.Build.0 = Debug|x64
		{044DBFAD-88A9-4F76-9FA2-355F431BED79}.Debug|x64.Deploy.0 = Debug|x64
		{044DBFAD-88A9-4F76-9FA2-355F431BED79}.Debug|x86.ActiveCfg = Debug|x86
		{044DBFAD-88A9-4F76-9FA2-355F431BED79}.Debug|x86.Build.0 = Debug|x86
		{044DBFAD-88A9-4F76-9FA2-355F431BED79}.Debug|x86.Deploy.0 = Debug|x86
		{044DBFAD-88A9-4F76-9FA2-355F431BED79}.Release|Any CPU.ActiveCfg = Release|x86
		{044DBFAD-88A9-4F76-9FA2-355F431BED79}.Release|ARM.ActiveCfg = Release|ARM
		{044DBFAD-88A9-4F76-9FA2-355F431BED79}.Release|ARM.Build.0 = Release|ARM
		{044DBFAD-88A9-4F76-9FA2-355F431BED79}.Release|ARM.Deploy.0 = Release|ARM
		{044DBFAD-88A9-4F76-9FA2-355F431BED79}.Release|iPhone.ActiveCfg = Release|x86
		{044DBFAD-88A9-4F76-9FA2-355F431BED79}.Release|iPhoneSimulator.ActiveCfg = Release|x86
		{044DBFAD-88A9-4F76-9FA2-355F431BED79}.Release|x64.ActiveCfg = Release|x64
		{044DBFAD-88A9-4F76-9FA2-355F431BED79}.Release|x64.Build.0 = Release|x64
		{044DBFAD-88A9-4F76-9FA2-355F431BED79}.Release|x64.Deploy.0 = Release|x64
		{044DBFAD-88A9-4F76-9FA2-355F431BED79}.Release|x86.ActiveCfg = Release|x86
		{044DBFAD-88A9-4F76-9FA2-355F431BED79}.Release|x86.Build.0 = Release|x86
		{044DBFAD-88A9-4F76-9FA2-355F431BED79}.Release|x86.Deploy.0 = Release|x86
		{086105A6-23DC-4846-BEA3-134BC12FCC6F}.Ad-Hoc|Any CPU.ActiveCfg = Ad-Hoc|iPhone
		{086105A6-23DC-4846-BEA3-134BC12FCC6F}.Ad-Hoc|ARM.ActiveCfg = Ad-Hoc|iPhone
		{086105A6-23DC-4846-BEA3-134BC12FCC6F}.Ad-Hoc|iPhone.ActiveCfg = Ad-Hoc|iPhone
		{086105A6-23DC-4846-BEA3-134BC12FCC6F}.Ad-Hoc|iPhone.Build.0 = Ad-Hoc|iPhone
		{086105A6-23DC-4846-BEA3-134BC12FCC6F}.Ad-Hoc|iPhoneSimulator.ActiveCfg = Ad-Hoc|iPhoneSimulator
		{086105A6-23DC-4846-BEA3-134BC12FCC6F}.Ad-Hoc|iPhoneSimulator.Build.0 = Ad-Hoc|iPhoneSimulator
		{086105A6-23DC-4846-BEA3-134BC12FCC6F}.Ad-Hoc|x64.ActiveCfg = Ad-Hoc|iPhone
		{086105A6-23DC-4846-BEA3-134BC12FCC6F}.Ad-Hoc|x86.ActiveCfg = Ad-Hoc|iPhone
		{086105A6-23DC-4846-BEA3-134BC12FCC6F}.AppStore|Any CPU.ActiveCfg = AppStore|iPhone
		{086105A6-23DC-4846-BEA3-134BC12FCC6F}.AppStore|ARM.ActiveCfg = AppStore|iPhone
		{086105A6-23DC-4846-BEA3-134BC12FCC6F}.AppStore|iPhone.ActiveCfg = AppStore|iPhone
		{086105A6-23DC-4846-BEA3-134BC12FCC6F}.AppStore|iPhone.Build.0 = AppStore|iPhone
		{086105A6-23DC-4846-BEA3-134BC12FCC6F}.AppStore|iPhoneSimulator.ActiveCfg = AppStore|iPhoneSimulator
		{086105A6-23DC-4846-BEA3-134BC12FCC6F}.AppStore|iPhoneSimulator.Build.0 = AppStore|iPhoneSimulator
		{086105A6-23DC-4846-BEA3-134BC12FCC6F}.AppStore|x64.ActiveCfg = AppStore|iPhone
		{086105A6-23DC-4846-BEA3-134BC12FCC6F}.AppStore|x86.ActiveCfg = AppStore|iPhone
		{086105A6-23DC-4846-BEA3-134BC12FCC6F}.Debug|Any CPU.ActiveCfg = Debug|iPhone
		{086105A6-23DC-4846-BEA3-134BC12FCC6F}.Debug|ARM.ActiveCfg = Debug|iPhone
		{086105A6-23DC-4846-BEA3-134BC12FCC6F}.Debug|iPhone.ActiveCfg = Debug|iPhone
		{086105A6-23DC-4846-BEA3-134BC12FCC6F}.Debug|iPhone.Build.0 = Debug|iPhone
		{086105A6-23DC-4846-BEA3-134BC12FCC6F}.Debug|iPhoneSimulator.ActiveCfg = Debug|iPhoneSimulator
		{086105A6-23DC-4846-BEA3-134BC12FCC6F}.Debug|iPhoneSimulator.Build.0 = Debug|iPhoneSimulator
		{086105A6-23DC-4846-BEA3-134BC12FCC6F}.Debug|x64.ActiveCfg = Debug|iPhone
		{086105A6-23DC-4846-BEA3-134BC12FCC6F}.Debug|x86.ActiveCfg = Debug|iPhone
		{086105A6-23DC-4846-BEA3-134BC12FCC6F}.Release|Any CPU.ActiveCfg = Release|iPhone
		{086105A6-23DC-4846-BEA3-134BC12FCC6F}.Release|ARM.ActiveCfg = Release|iPhone
		{086105A6-23DC-4846-BEA3-134BC12FCC6F}.Release|iPhone.ActiveCfg = Release|iPhone
		{086105A6-23DC-4846-BEA3-134BC12FCC6F}.Release|iPhone.Build.0 = Release|iPhone
		{086105A6-23DC-4846-BEA3-134BC12FCC6F}.Release|iPhoneSimulator.ActiveCfg = Release|iPhoneSimulator
		{086105A6-23DC-4846-BEA3-134BC12FCC6F}.Release|iPhoneSimulator.Build.0 = Release|iPhoneSimulator
		{086105A6-23DC-4846-BEA3-134BC12FCC6F}.Release|x64.ActiveCfg = Release|iPhone
		{086105A6-23DC-4846-BEA3-134BC12FCC6F}.Release|x86.ActiveCfg = Release|iPhone
	EndGlobalSection
	GlobalSection(SolutionProperties) = preSolution
		HideSolutionNode = FALSE
	EndGlobalSection
EndGlobal
