
Microsoft Visual Studio Solution File, Format Version 12.00
# Visual Studio 15
VisualStudioVersion = 15.0.26403.7
MinimumVisualStudioVersion = 10.0.40219.1
Project("{FAE04EC0-301F-11D3-BF4B-00C04F79EFBC}") = "AppSQLite.Android", "AppSQLite\AppSQLite.Android\AppSQLite.Android.csproj", "{A0CDD16A-2FEA-4AF0-A249-3041D639793C}"
EndProject
Project("{FAE04EC0-301F-11D3-BF4B-00C04F79EFBC}") = "AppSQLite", "AppSQLite\AppSQLite\AppSQLite.csproj", "{58747EEF-7A63-45C4-8818-7CF86A0CD2BA}"
EndProject
Project("{FAE04EC0-301F-11D3-BF4B-00C04F79EFBC}") = "AppSQLite.iOS", "AppSQLite\AppSQLite.iOS\AppSQLite.iOS.csproj", "{879E4F0C-68AF-42CF-94E6-28F8A265F0C7}"
EndProject
Global
	GlobalSection(SolutionConfigurationPlatforms) = preSolution
		Ad-Hoc|Any CPU = Ad-Hoc|Any CPU
		Ad-Hoc|iPhone = Ad-Hoc|iPhone
		Ad-Hoc|iPhoneSimulator = Ad-Hoc|iPhoneSimulator
		AppStore|Any CPU = AppStore|Any CPU
		AppStore|iPhone = AppStore|iPhone
		AppStore|iPhoneSimulator = AppStore|iPhoneSimulator
		Debug|Any CPU = Debug|Any CPU
		Debug|iPhone = Debug|iPhone
		Debug|iPhoneSimulator = Debug|iPhoneSimulator
		Release|Any CPU = Release|Any CPU
		Release|iPhone = Release|iPhone
		Release|iPhoneSimulator = Release|iPhoneSimulator
	EndGlobalSection
	GlobalSection(ProjectConfigurationPlatforms) = postSolution
		{A0CDD16A-2FEA-4AF0-A249-3041D639793C}.Ad-Hoc|Any CPU.ActiveCfg = Release|Any CPU
		{A0CDD16A-2FEA-4AF0-A249-3041D639793C}.Ad-Hoc|Any CPU.Build.0 = Release|Any CPU
		{A0CDD16A-2FEA-4AF0-A249-3041D639793C}.Ad-Hoc|Any CPU.Deploy.0 = Release|Any CPU
		{A0CDD16A-2FEA-4AF0-A249-3041D639793C}.Ad-Hoc|iPhone.ActiveCfg = Release|Any CPU
		{A0CDD16A-2FEA-4AF0-A249-3041D639793C}.Ad-Hoc|iPhone.Build.0 = Release|Any CPU
		{A0CDD16A-2FEA-4AF0-A249-3041D639793C}.Ad-Hoc|iPhone.Deploy.0 = Release|Any CPU
		{A0CDD16A-2FEA-4AF0-A249-3041D639793C}.Ad-Hoc|iPhoneSimulator.ActiveCfg = Release|Any CPU
		{A0CDD16A-2FEA-4AF0-A249-3041D639793C}.Ad-Hoc|iPhoneSimulator.Build.0 = Release|Any CPU
		{A0CDD16A-2FEA-4AF0-A249-3041D639793C}.Ad-Hoc|iPhoneSimulator.Deploy.0 = Release|Any CPU
		{A0CDD16A-2FEA-4AF0-A249-3041D639793C}.AppStore|Any CPU.ActiveCfg = Release|Any CPU
		{A0CDD16A-2FEA-4AF0-A249-3041D639793C}.AppStore|Any CPU.Build.0 = Release|Any CPU
		{A0CDD16A-2FEA-4AF0-A249-3041D639793C}.AppStore|Any CPU.Deploy.0 = Release|Any CPU
		{A0CDD16A-2FEA-4AF0-A249-3041D639793C}.AppStore|iPhone.ActiveCfg = Release|Any CPU
		{A0CDD16A-2FEA-4AF0-A249-3041D639793C}.AppStore|iPhone.Build.0 = Release|Any CPU
		{A0CDD16A-2FEA-4AF0-A249-3041D639793C}.AppStore|iPhone.Deploy.0 = Release|Any CPU
		{A0CDD16A-2FEA-4AF0-A249-3041D639793C}.AppStore|iPhoneSimulator.ActiveCfg = Release|Any CPU
		{A0CDD16A-2FEA-4AF0-A249-3041D639793C}.AppStore|iPhoneSimulator.Build.0 = Release|Any CPU
		{A0CDD16A-2FEA-4AF0-A249-3041D639793C}.AppStore|iPhoneSimulator.Deploy.0 = Release|Any CPU
		{A0CDD16A-2FEA-4AF0-A249-3041D639793C}.Debug|Any CPU.ActiveCfg = Debug|Any CPU
		{A0CDD16A-2FEA-4AF0-A249-3041D639793C}.Debug|Any CPU.Build.0 = Debug|Any CPU
		{A0CDD16A-2FEA-4AF0-A249-3041D639793C}.Debug|Any CPU.Deploy.0 = Debug|Any CPU
		{A0CDD16A-2FEA-4AF0-A249-3041D639793C}.Debug|iPhone.ActiveCfg = Debug|Any CPU
		{A0CDD16A-2FEA-4AF0-A249-3041D639793C}.Debug|iPhone.Build.0 = Debug|Any CPU
		{A0CDD16A-2FEA-4AF0-A249-3041D639793C}.Debug|iPhone.Deploy.0 = Debug|Any CPU
		{A0CDD16A-2FEA-4AF0-A249-3041D639793C}.Debug|iPhoneSimulator.ActiveCfg = Debug|Any CPU
		{A0CDD16A-2FEA-4AF0-A249-3041D639793C}.Debug|iPhoneSimulator.Build.0 = Debug|Any CPU
		{A0CDD16A-2FEA-4AF0-A249-3041D639793C}.Debug|iPhoneSimulator.Deploy.0 = Debug|Any CPU
		{A0CDD16A-2FEA-4AF0-A249-3041D639793C}.Release|Any CPU.ActiveCfg = Release|Any CPU
		{A0CDD16A-2FEA-4AF0-A249-3041D639793C}.Release|Any CPU.Build.0 = Release|Any CPU
		{A0CDD16A-2FEA-4AF0-A249-3041D639793C}.Release|Any CPU.Deploy.0 = Release|Any CPU
		{A0CDD16A-2FEA-4AF0-A249-3041D639793C}.Release|iPhone.ActiveCfg = Release|Any CPU
		{A0CDD16A-2FEA-4AF0-A249-3041D639793C}.Release|iPhone.Build.0 = Release|Any CPU
		{A0CDD16A-2FEA-4AF0-A249-3041D639793C}.Release|iPhone.Deploy.0 = Release|Any CPU
		{A0CDD16A-2FEA-4AF0-A249-3041D639793C}.Release|iPhoneSimulator.ActiveCfg = Release|Any CPU
		{A0CDD16A-2FEA-4AF0-A249-3041D639793C}.Release|iPhoneSimulator.Build.0 = Release|Any CPU
		{A0CDD16A-2FEA-4AF0-A249-3041D639793C}.Release|iPhoneSimulator.Deploy.0 = Release|Any CPU
		{58747EEF-7A63-45C4-8818-7CF86A0CD2BA}.Ad-Hoc|Any CPU.ActiveCfg = Release|Any CPU
		{58747EEF-7A63-45C4-8818-7CF86A0CD2BA}.Ad-Hoc|Any CPU.Build.0 = Release|Any CPU
		{58747EEF-7A63-45C4-8818-7CF86A0CD2BA}.Ad-Hoc|iPhone.ActiveCfg = Release|Any CPU
		{58747EEF-7A63-45C4-8818-7CF86A0CD2BA}.Ad-Hoc|iPhone.Build.0 = Release|Any CPU
		{58747EEF-7A63-45C4-8818-7CF86A0CD2BA}.Ad-Hoc|iPhoneSimulator.ActiveCfg = Release|Any CPU
		{58747EEF-7A63-45C4-8818-7CF86A0CD2BA}.Ad-Hoc|iPhoneSimulator.Build.0 = Release|Any CPU
		{58747EEF-7A63-45C4-8818-7CF86A0CD2BA}.AppStore|Any CPU.ActiveCfg = Release|Any CPU
		{58747EEF-7A63-45C4-8818-7CF86A0CD2BA}.AppStore|Any CPU.Build.0 = Release|Any CPU
		{58747EEF-7A63-45C4-8818-7CF86A0CD2BA}.AppStore|iPhone.ActiveCfg = Release|Any CPU
		{58747EEF-7A63-45C4-8818-7CF86A0CD2BA}.AppStore|iPhone.Build.0 = Release|Any CPU
		{58747EEF-7A63-45C4-8818-7CF86A0CD2BA}.AppStore|iPhoneSimulator.ActiveCfg = Release|Any CPU
		{58747EEF-7A63-45C4-8818-7CF86A0CD2BA}.AppStore|iPhoneSimulator.Build.0 = Release|Any CPU
		{58747EEF-7A63-45C4-8818-7CF86A0CD2BA}.Debug|Any CPU.ActiveCfg = Debug|Any CPU
		{58747EEF-7A63-45C4-8818-7CF86A0CD2BA}.Debug|Any CPU.Build.0 = Debug|Any CPU
		{58747EEF-7A63-45C4-8818-7CF86A0CD2BA}.Debug|iPhone.ActiveCfg = Debug|Any CPU
		{58747EEF-7A63-45C4-8818-7CF86A0CD2BA}.Debug|iPhone.Build.0 = Debug|Any CPU
		{58747EEF-7A63-45C4-8818-7CF86A0CD2BA}.Debug|iPhoneSimulator.ActiveCfg = Debug|Any CPU
		{58747EEF-7A63-45C4-8818-7CF86A0CD2BA}.Debug|iPhoneSimulator.Build.0 = Debug|Any CPU
		{58747EEF-7A63-45C4-8818-7CF86A0CD2BA}.Release|Any CPU.ActiveCfg = Release|Any CPU
		{58747EEF-7A63-45C4-8818-7CF86A0CD2BA}.Release|Any CPU.Build.0 = Release|Any CPU
		{58747EEF-7A63-45C4-8818-7CF86A0CD2BA}.Release|iPhone.ActiveCfg = Release|Any CPU
		{58747EEF-7A63-45C4-8818-7CF86A0CD2BA}.Release|iPhone.Build.0 = Release|Any CPU
		{58747EEF-7A63-45C4-8818-7CF86A0CD2BA}.Release|iPhoneSimulator.ActiveCfg = Release|Any CPU
		{58747EEF-7A63-45C4-8818-7CF86A0CD2BA}.Release|iPhoneSimulator.Build.0 = Release|Any CPU
		{879E4F0C-68AF-42CF-94E6-28F8A265F0C7}.Ad-Hoc|Any CPU.ActiveCfg = Ad-Hoc|iPhone
		{879E4F0C-68AF-42CF-94E6-28F8A265F0C7}.Ad-Hoc|iPhone.ActiveCfg = Ad-Hoc|iPhone
		{879E4F0C-68AF-42CF-94E6-28F8A265F0C7}.Ad-Hoc|iPhone.Build.0 = Ad-Hoc|iPhone
		{879E4F0C-68AF-42CF-94E6-28F8A265F0C7}.Ad-Hoc|iPhoneSimulator.ActiveCfg = Ad-Hoc|iPhoneSimulator
		{879E4F0C-68AF-42CF-94E6-28F8A265F0C7}.Ad-Hoc|iPhoneSimulator.Build.0 = Ad-Hoc|iPhoneSimulator
		{879E4F0C-68AF-42CF-94E6-28F8A265F0C7}.AppStore|Any CPU.ActiveCfg = AppStore|iPhone
		{879E4F0C-68AF-42CF-94E6-28F8A265F0C7}.AppStore|iPhone.ActiveCfg = AppStore|iPhone
		{879E4F0C-68AF-42CF-94E6-28F8A265F0C7}.AppStore|iPhone.Build.0 = AppStore|iPhone
		{879E4F0C-68AF-42CF-94E6-28F8A265F0C7}.AppStore|iPhoneSimulator.ActiveCfg = AppStore|iPhoneSimulator
		{879E4F0C-68AF-42CF-94E6-28F8A265F0C7}.AppStore|iPhoneSimulator.Build.0 = AppStore|iPhoneSimulator
		{879E4F0C-68AF-42CF-94E6-28F8A265F0C7}.Debug|Any CPU.ActiveCfg = Debug|iPhone
		{879E4F0C-68AF-42CF-94E6-28F8A265F0C7}.Debug|iPhone.ActiveCfg = Debug|iPhone
		{879E4F0C-68AF-42CF-94E6-28F8A265F0C7}.Debug|iPhone.Build.0 = Debug|iPhone
		{879E4F0C-68AF-42CF-94E6-28F8A265F0C7}.Debug|iPhoneSimulator.ActiveCfg = Debug|iPhoneSimulator
		{879E4F0C-68AF-42CF-94E6-28F8A265F0C7}.Debug|iPhoneSimulator.Build.0 = Debug|iPhoneSimulator
		{879E4F0C-68AF-42CF-94E6-28F8A265F0C7}.Release|Any CPU.ActiveCfg = Release|iPhone
		{879E4F0C-68AF-42CF-94E6-28F8A265F0C7}.Release|iPhone.ActiveCfg = Release|iPhone
		{879E4F0C-68AF-42CF-94E6-28F8A265F0C7}.Release|iPhone.Build.0 = Release|iPhone
		{879E4F0C-68AF-42CF-94E6-28F8A265F0C7}.Release|iPhoneSimulator.ActiveCfg = Release|iPhoneSimulator
		{879E4F0C-68AF-42CF-94E6-28F8A265F0C7}.Release|iPhoneSimulator.Build.0 = Release|iPhoneSimulator
	EndGlobalSection
	GlobalSection(SolutionProperties) = preSolution
		HideSolutionNode = FALSE
	EndGlobalSection
EndGlobal
