
Microsoft Visual Studio Solution File, Format Version 12.00
# Visual Studio 14
VisualStudioVersion = 14.0.25420.1
MinimumVisualStudioVersion = 10.0.40219.1
Project("{FAE04EC0-301F-11D3-BF4B-00C04F79EFBC}") = "BarraHerramientas.Android", "BarraHerramientas\BarraHerramientas.Android\BarraHerramientas.Android.csproj", "{4DB33FA7-2E5A-4A57-93AE-DA98910D4A9D}"
EndProject
Project("{FAE04EC0-301F-11D3-BF4B-00C04F79EFBC}") = "BarraHerramientas", "BarraHerramientas\BarraHerramientas\BarraHerramientas.csproj", "{9E6A6B3C-1DF0-4F07-AFFA-DCBFB6D06AFC}"
EndProject
Project("{FAE04EC0-301F-11D3-BF4B-00C04F79EFBC}") = "BarraHerramientas.UWP", "BarraHerramientas\BarraHerramientas.UWP\BarraHerramientas.UWP.csproj", "{FDBABF86-9C04-49E7-80A2-6E38ECE76703}"
EndProject
Project("{FAE04EC0-301F-11D3-BF4B-00C04F79EFBC}") = "BarraHerramientas.iOS", "BarraHerramientas\BarraHerramientas.iOS\BarraHerramientas.iOS.csproj", "{8C4139DD-23D1-4A3F-B26D-58D38BD16246}"
EndProject
Global
	GlobalSection(SolutionConfigurationPlatforms) = preSolution
		Ad-Hoc|Any CPU = Ad-Hoc|Any CPU
		Ad-Hoc|ARM = Ad-Hoc|ARM
		Ad-Hoc|iPhone = Ad-Hoc|iPhone
		Ad-Hoc|iPhoneSimulator = Ad-Hoc|iPhoneSimulator
		Ad-Hoc|x64 = Ad-Hoc|x64
		Ad-Hoc|x86 = Ad-Hoc|x86
		AppStore|Any CPU = AppStore|Any CPU
		AppStore|ARM = AppStore|ARM
		AppStore|iPhone = AppStore|iPhone
		AppStore|iPhoneSimulator = AppStore|iPhoneSimulator
		AppStore|x64 = AppStore|x64
		AppStore|x86 = AppStore|x86
		Debug|Any CPU = Debug|Any CPU
		Debug|ARM = Debug|ARM
		Debug|iPhone = Debug|iPhone
		Debug|iPhoneSimulator = Debug|iPhoneSimulator
		Debug|x64 = Debug|x64
		Debug|x86 = Debug|x86
		Release|Any CPU = Release|Any CPU
		Release|ARM = Release|ARM
		Release|iPhone = Release|iPhone
		Release|iPhoneSimulator = Release|iPhoneSimulator
		Release|x64 = Release|x64
		Release|x86 = Release|x86
	EndGlobalSection
	GlobalSection(ProjectConfigurationPlatforms) = postSolution
		{4DB33FA7-2E5A-4A57-93AE-DA98910D4A9D}.Ad-Hoc|Any CPU.ActiveCfg = Release|Any CPU
		{4DB33FA7-2E5A-4A57-93AE-DA98910D4A9D}.Ad-Hoc|Any CPU.Build.0 = Release|Any CPU
		{4DB33FA7-2E5A-4A57-93AE-DA98910D4A9D}.Ad-Hoc|Any CPU.Deploy.0 = Release|Any CPU
		{4DB33FA7-2E5A-4A57-93AE-DA98910D4A9D}.Ad-Hoc|ARM.ActiveCfg = Release|Any CPU
		{4DB33FA7-2E5A-4A57-93AE-DA98910D4A9D}.Ad-Hoc|ARM.Build.0 = Release|Any CPU
		{4DB33FA7-2E5A-4A57-93AE-DA98910D4A9D}.Ad-Hoc|ARM.Deploy.0 = Release|Any CPU
		{4DB33FA7-2E5A-4A57-93AE-DA98910D4A9D}.Ad-Hoc|iPhone.ActiveCfg = Release|Any CPU
		{4DB33FA7-2E5A-4A57-93AE-DA98910D4A9D}.Ad-Hoc|iPhone.Build.0 = Release|Any CPU
		{4DB33FA7-2E5A-4A57-93AE-DA98910D4A9D}.Ad-Hoc|iPhone.Deploy.0 = Release|Any CPU
		{4DB33FA7-2E5A-4A57-93AE-DA98910D4A9D}.Ad-Hoc|iPhoneSimulator.ActiveCfg = Release|Any CPU
		{4DB33FA7-2E5A-4A57-93AE-DA98910D4A9D}.Ad-Hoc|iPhoneSimulator.Build.0 = Release|Any CPU
		{4DB33FA7-2E5A-4A57-93AE-DA98910D4A9D}.Ad-Hoc|iPhoneSimulator.Deploy.0 = Release|Any CPU
		{4DB33FA7-2E5A-4A57-93AE-DA98910D4A9D}.Ad-Hoc|x64.ActiveCfg = Release|Any CPU
		{4DB33FA7-2E5A-4A57-93AE-DA98910D4A9D}.Ad-Hoc|x64.Build.0 = Release|Any CPU
		{4DB33FA7-2E5A-4A57-93AE-DA98910D4A9D}.Ad-Hoc|x64.Deploy.0 = Release|Any CPU
		{4DB33FA7-2E5A-4A57-93AE-DA98910D4A9D}.Ad-Hoc|x86.ActiveCfg = Release|Any CPU
		{4DB33FA7-2E5A-4A57-93AE-DA98910D4A9D}.Ad-Hoc|x86.Build.0 = Release|Any CPU
		{4DB33FA7-2E5A-4A57-93AE-DA98910D4A9D}.Ad-Hoc|x86.Deploy.0 = Release|Any CPU
		{4DB33FA7-2E5A-4A57-93AE-DA98910D4A9D}.AppStore|Any CPU.ActiveCfg = Release|Any CPU
		{4DB33FA7-2E5A-4A57-93AE-DA98910D4A9D}.AppStore|Any CPU.Build.0 = Release|Any CPU
		{4DB33FA7-2E5A-4A57-93AE-DA98910D4A9D}.AppStore|Any CPU.Deploy.0 = Release|Any CPU
		{4DB33FA7-2E5A-4A57-93AE-DA98910D4A9D}.AppStore|ARM.ActiveCfg = Release|Any CPU
		{4DB33FA7-2E5A-4A57-93AE-DA98910D4A9D}.AppStore|ARM.Build.0 = Release|Any CPU
		{4DB33FA7-2E5A-4A57-93AE-DA98910D4A9D}.AppStore|ARM.Deploy.0 = Release|Any CPU
		{4DB33FA7-2E5A-4A57-93AE-DA98910D4A9D}.AppStore|iPhone.ActiveCfg = Release|Any CPU
		{4DB33FA7-2E5A-4A57-93AE-DA98910D4A9D}.AppStore|iPhone.Build.0 = Release|Any CPU
		{4DB33FA7-2E5A-4A57-93AE-DA98910D4A9D}.AppStore|iPhone.Deploy.0 = Release|Any CPU
		{4DB33FA7-2E5A-4A57-93AE-DA98910D4A9D}.AppStore|iPhoneSimulator.ActiveCfg = Release|Any CPU
		{4DB33FA7-2E5A-4A57-93AE-DA98910D4A9D}.AppStore|iPhoneSimulator.Build.0 = Release|Any CPU
		{4DB33FA7-2E5A-4A57-93AE-DA98910D4A9D}.AppStore|iPhoneSimulator.Deploy.0 = Release|Any CPU
		{4DB33FA7-2E5A-4A57-93AE-DA98910D4A9D}.AppStore|x64.ActiveCfg = Release|Any CPU
		{4DB33FA7-2E5A-4A57-93AE-DA98910D4A9D}.AppStore|x64.Build.0 = Release|Any CPU
		{4DB33FA7-2E5A-4A57-93AE-DA98910D4A9D}.AppStore|x64.Deploy.0 = Release|Any CPU
		{4DB33FA7-2E5A-4A57-93AE-DA98910D4A9D}.AppStore|x86.ActiveCfg = Release|Any CPU
		{4DB33FA7-2E5A-4A57-93AE-DA98910D4A9D}.AppStore|x86.Build.0 = Release|Any CPU
		{4DB33FA7-2E5A-4A57-93AE-DA98910D4A9D}.AppStore|x86.Deploy.0 = Release|Any CPU
		{4DB33FA7-2E5A-4A57-93AE-DA98910D4A9D}.Debug|Any CPU.ActiveCfg = Debug|Any CPU
		{4DB33FA7-2E5A-4A57-93AE-DA98910D4A9D}.Debug|Any CPU.Build.0 = Debug|Any CPU
		{4DB33FA7-2E5A-4A57-93AE-DA98910D4A9D}.Debug|Any CPU.Deploy.0 = Debug|Any CPU
		{4DB33FA7-2E5A-4A57-93AE-DA98910D4A9D}.Debug|ARM.ActiveCfg = Debug|Any CPU
		{4DB33FA7-2E5A-4A57-93AE-DA98910D4A9D}.Debug|ARM.Build.0 = Debug|Any CPU
		{4DB33FA7-2E5A-4A57-93AE-DA98910D4A9D}.Debug|ARM.Deploy.0 = Debug|Any CPU
		{4DB33FA7-2E5A-4A57-93AE-DA98910D4A9D}.Debug|iPhone.ActiveCfg = Debug|Any CPU
		{4DB33FA7-2E5A-4A57-93AE-DA98910D4A9D}.Debug|iPhone.Build.0 = Debug|Any CPU
		{4DB33FA7-2E5A-4A57-93AE-DA98910D4A9D}.Debug|iPhone.Deploy.0 = Debug|Any CPU
		{4DB33FA7-2E5A-4A57-93AE-DA98910D4A9D}.Debug|iPhoneSimulator.ActiveCfg = Debug|Any CPU
		{4DB33FA7-2E5A-4A57-93AE-DA98910D4A9D}.Debug|iPhoneSimulator.Build.0 = Debug|Any CPU
		{4DB33FA7-2E5A-4A57-93AE-DA98910D4A9D}.Debug|iPhoneSimulator.Deploy.0 = Debug|Any CPU
		{4DB33FA7-2E5A-4A57-93AE-DA98910D4A9D}.Debug|x64.ActiveCfg = Debug|Any CPU
		{4DB33FA7-2E5A-4A57-93AE-DA98910D4A9D}.Debug|x64.Build.0 = Debug|Any CPU
		{4DB33FA7-2E5A-4A57-93AE-DA98910D4A9D}.Debug|x64.Deploy.0 = Debug|Any CPU
		{4DB33FA7-2E5A-4A57-93AE-DA98910D4A9D}.Debug|x86.ActiveCfg = Debug|Any CPU
		{4DB33FA7-2E5A-4A57-93AE-DA98910D4A9D}.Debug|x86.Build.0 = Debug|Any CPU
		{4DB33FA7-2E5A-4A57-93AE-DA98910D4A9D}.Debug|x86.Deploy.0 = Debug|Any CPU
		{4DB33FA7-2E5A-4A57-93AE-DA98910D4A9D}.Release|Any CPU.ActiveCfg = Release|Any CPU
		{4DB33FA7-2E5A-4A57-93AE-DA98910D4A9D}.Release|Any CPU.Build.0 = Release|Any CPU
		{4DB33FA7-2E5A-4A57-93AE-DA98910D4A9D}.Release|Any CPU.Deploy.0 = Release|Any CPU
		{4DB33FA7-2E5A-4A57-93AE-DA98910D4A9D}.Release|ARM.ActiveCfg = Release|Any CPU
		{4DB33FA7-2E5A-4A57-93AE-DA98910D4A9D}.Release|ARM.Build.0 = Release|Any CPU
		{4DB33FA7-2E5A-4A57-93AE-DA98910D4A9D}.Release|ARM.Deploy.0 = Release|Any CPU
		{4DB33FA7-2E5A-4A57-93AE-DA98910D4A9D}.Release|iPhone.ActiveCfg = Release|Any CPU
		{4DB33FA7-2E5A-4A57-93AE-DA98910D4A9D}.Release|iPhone.Build.0 = Release|Any CPU
		{4DB33FA7-2E5A-4A57-93AE-DA98910D4A9D}.Release|iPhone.Deploy.0 = Release|Any CPU
		{4DB33FA7-2E5A-4A57-93AE-DA98910D4A9D}.Release|iPhoneSimulator.ActiveCfg = Release|Any CPU
		{4DB33FA7-2E5A-4A57-93AE-DA98910D4A9D}.Release|iPhoneSimulator.Build.0 = Release|Any CPU
		{4DB33FA7-2E5A-4A57-93AE-DA98910D4A9D}.Release|iPhoneSimulator.Deploy.0 = Release|Any CPU
		{4DB33FA7-2E5A-4A57-93AE-DA98910D4A9D}.Release|x64.ActiveCfg = Release|Any CPU
		{4DB33FA7-2E5A-4A57-93AE-DA98910D4A9D}.Release|x64.Build.0 = Release|Any CPU
		{4DB33FA7-2E5A-4A57-93AE-DA98910D4A9D}.Release|x64.Deploy.0 = Release|Any CPU
		{4DB33FA7-2E5A-4A57-93AE-DA98910D4A9D}.Release|x86.ActiveCfg = Release|Any CPU
		{4DB33FA7-2E5A-4A57-93AE-DA98910D4A9D}.Release|x86.Build.0 = Release|Any CPU
		{4DB33FA7-2E5A-4A57-93AE-DA98910D4A9D}.Release|x86.Deploy.0 = Release|Any CPU
		{9E6A6B3C-1DF0-4F07-AFFA-DCBFB6D06AFC}.Ad-Hoc|Any CPU.ActiveCfg = Release|Any CPU
		{9E6A6B3C-1DF0-4F07-AFFA-DCBFB6D06AFC}.Ad-Hoc|Any CPU.Build.0 = Release|Any CPU
		{9E6A6B3C-1DF0-4F07-AFFA-DCBFB6D06AFC}.Ad-Hoc|ARM.ActiveCfg = Release|Any CPU
		{9E6A6B3C-1DF0-4F07-AFFA-DCBFB6D06AFC}.Ad-Hoc|ARM.Build.0 = Release|Any CPU
		{9E6A6B3C-1DF0-4F07-AFFA-DCBFB6D06AFC}.Ad-Hoc|iPhone.ActiveCfg = Release|Any CPU
		{9E6A6B3C-1DF0-4F07-AFFA-DCBFB6D06AFC}.Ad-Hoc|iPhone.Build.0 = Release|Any CPU
		{9E6A6B3C-1DF0-4F07-AFFA-DCBFB6D06AFC}.Ad-Hoc|iPhoneSimulator.ActiveCfg = Release|Any CPU
		{9E6A6B3C-1DF0-4F07-AFFA-DCBFB6D06AFC}.Ad-Hoc|iPhoneSimulator.Build.0 = Release|Any CPU
		{9E6A6B3C-1DF0-4F07-AFFA-DCBFB6D06AFC}.Ad-Hoc|x64.ActiveCfg = Release|Any CPU
		{9E6A6B3C-1DF0-4F07-AFFA-DCBFB6D06AFC}.Ad-Hoc|x64.Build.0 = Release|Any CPU
		{9E6A6B3C-1DF0-4F07-AFFA-DCBFB6D06AFC}.Ad-Hoc|x86.ActiveCfg = Release|Any CPU
		{9E6A6B3C-1DF0-4F07-AFFA-DCBFB6D06AFC}.Ad-Hoc|x86.Build.0 = Release|Any CPU
		{9E6A6B3C-1DF0-4F07-AFFA-DCBFB6D06AFC}.AppStore|Any CPU.ActiveCfg = Release|Any CPU
		{9E6A6B3C-1DF0-4F07-AFFA-DCBFB6D06AFC}.AppStore|Any CPU.Build.0 = Release|Any CPU
		{9E6A6B3C-1DF0-4F07-AFFA-DCBFB6D06AFC}.AppStore|ARM.ActiveCfg = Release|Any CPU
		{9E6A6B3C-1DF0-4F07-AFFA-DCBFB6D06AFC}.AppStore|ARM.Build.0 = Release|Any CPU
		{9E6A6B3C-1DF0-4F07-AFFA-DCBFB6D06AFC}.AppStore|iPhone.ActiveCfg = Release|Any CPU
		{9E6A6B3C-1DF0-4F07-AFFA-DCBFB6D06AFC}.AppStore|iPhone.Build.0 = Release|Any CPU
		{9E6A6B3C-1DF0-4F07-AFFA-DCBFB6D06AFC}.AppStore|iPhoneSimulator.ActiveCfg = Release|Any CPU
		{9E6A6B3C-1DF0-4F07-AFFA-DCBFB6D06AFC}.AppStore|iPhoneSimulator.Build.0 = Release|Any CPU
		{9E6A6B3C-1DF0-4F07-AFFA-DCBFB6D06AFC}.AppStore|x64.ActiveCfg = Release|Any CPU
		{9E6A6B3C-1DF0-4F07-AFFA-DCBFB6D06AFC}.AppStore|x64.Build.0 = Release|Any CPU
		{9E6A6B3C-1DF0-4F07-AFFA-DCBFB6D06AFC}.AppStore|x86.ActiveCfg = Release|Any CPU
		{9E6A6B3C-1DF0-4F07-AFFA-DCBFB6D06AFC}.AppStore|x86.Build.0 = Release|Any CPU
		{9E6A6B3C-1DF0-4F07-AFFA-DCBFB6D06AFC}.Debug|Any CPU.ActiveCfg = Debug|Any CPU
		{9E6A6B3C-1DF0-4F07-AFFA-DCBFB6D06AFC}.Debug|Any CPU.Build.0 = Debug|Any CPU
		{9E6A6B3C-1DF0-4F07-AFFA-DCBFB6D06AFC}.Debug|ARM.ActiveCfg = Debug|Any CPU
		{9E6A6B3C-1DF0-4F07-AFFA-DCBFB6D06AFC}.Debug|ARM.Build.0 = Debug|Any CPU
		{9E6A6B3C-1DF0-4F07-AFFA-DCBFB6D06AFC}.Debug|iPhone.ActiveCfg = Debug|Any CPU
		{9E6A6B3C-1DF0-4F07-AFFA-DCBFB6D06AFC}.Debug|iPhone.Build.0 = Debug|Any CPU
		{9E6A6B3C-1DF0-4F07-AFFA-DCBFB6D06AFC}.Debug|iPhoneSimulator.ActiveCfg = Debug|Any CPU
		{9E6A6B3C-1DF0-4F07-AFFA-DCBFB6D06AFC}.Debug|iPhoneSimulator.Build.0 = Debug|Any CPU
		{9E6A6B3C-1DF0-4F07-AFFA-DCBFB6D06AFC}.Debug|x64.ActiveCfg = Debug|Any CPU
		{9E6A6B3C-1DF0-4F07-AFFA-DCBFB6D06AFC}.Debug|x64.Build.0 = Debug|Any CPU
		{9E6A6B3C-1DF0-4F07-AFFA-DCBFB6D06AFC}.Debug|x86.ActiveCfg = Debug|Any CPU
		{9E6A6B3C-1DF0-4F07-AFFA-DCBFB6D06AFC}.Debug|x86.Build.0 = Debug|Any CPU
		{9E6A6B3C-1DF0-4F07-AFFA-DCBFB6D06AFC}.Release|Any CPU.ActiveCfg = Release|Any CPU
		{9E6A6B3C-1DF0-4F07-AFFA-DCBFB6D06AFC}.Release|Any CPU.Build.0 = Release|Any CPU
		{9E6A6B3C-1DF0-4F07-AFFA-DCBFB6D06AFC}.Release|ARM.ActiveCfg = Release|Any CPU
		{9E6A6B3C-1DF0-4F07-AFFA-DCBFB6D06AFC}.Release|ARM.Build.0 = Release|Any CPU
		{9E6A6B3C-1DF0-4F07-AFFA-DCBFB6D06AFC}.Release|iPhone.ActiveCfg = Release|Any CPU
		{9E6A6B3C-1DF0-4F07-AFFA-DCBFB6D06AFC}.Release|iPhone.Build.0 = Release|Any CPU
		{9E6A6B3C-1DF0-4F07-AFFA-DCBFB6D06AFC}.Release|iPhoneSimulator.ActiveCfg = Release|Any CPU
		{9E6A6B3C-1DF0-4F07-AFFA-DCBFB6D06AFC}.Release|iPhoneSimulator.Build.0 = Release|Any CPU
		{9E6A6B3C-1DF0-4F07-AFFA-DCBFB6D06AFC}.Release|x64.ActiveCfg = Release|Any CPU
		{9E6A6B3C-1DF0-4F07-AFFA-DCBFB6D06AFC}.Release|x64.Build.0 = Release|Any CPU
		{9E6A6B3C-1DF0-4F07-AFFA-DCBFB6D06AFC}.Release|x86.ActiveCfg = Release|Any CPU
		{9E6A6B3C-1DF0-4F07-AFFA-DCBFB6D06AFC}.Release|x86.Build.0 = Release|Any CPU
		{FDBABF86-9C04-49E7-80A2-6E38ECE76703}.Ad-Hoc|Any CPU.ActiveCfg = Release|x86
		{FDBABF86-9C04-49E7-80A2-6E38ECE76703}.Ad-Hoc|Any CPU.Build.0 = Release|x86
		{FDBABF86-9C04-49E7-80A2-6E38ECE76703}.Ad-Hoc|Any CPU.Deploy.0 = Release|x86
		{FDBABF86-9C04-49E7-80A2-6E38ECE76703}.Ad-Hoc|ARM.ActiveCfg = Release|ARM
		{FDBABF86-9C04-49E7-80A2-6E38ECE76703}.Ad-Hoc|ARM.Build.0 = Release|ARM
		{FDBABF86-9C04-49E7-80A2-6E38ECE76703}.Ad-Hoc|ARM.Deploy.0 = Release|ARM
		{FDBABF86-9C04-49E7-80A2-6E38ECE76703}.Ad-Hoc|iPhone.ActiveCfg = Release|x86
		{FDBABF86-9C04-49E7-80A2-6E38ECE76703}.Ad-Hoc|iPhone.Build.0 = Release|x86
		{FDBABF86-9C04-49E7-80A2-6E38ECE76703}.Ad-Hoc|iPhone.Deploy.0 = Release|x86
		{FDBABF86-9C04-49E7-80A2-6E38ECE76703}.Ad-Hoc|iPhoneSimulator.ActiveCfg = Release|x86
		{FDBABF86-9C04-49E7-80A2-6E38ECE76703}.Ad-Hoc|iPhoneSimulator.Build.0 = Release|x86
		{FDBABF86-9C04-49E7-80A2-6E38ECE76703}.Ad-Hoc|iPhoneSimulator.Deploy.0 = Release|x86
		{FDBABF86-9C04-49E7-80A2-6E38ECE76703}.Ad-Hoc|x64.ActiveCfg = Release|x64
		{FDBABF86-9C04-49E7-80A2-6E38ECE76703}.Ad-Hoc|x64.Build.0 = Release|x64
		{FDBABF86-9C04-49E7-80A2-6E38ECE76703}.Ad-Hoc|x64.Deploy.0 = Release|x64
		{FDBABF86-9C04-49E7-80A2-6E38ECE76703}.Ad-Hoc|x86.ActiveCfg = Release|x86
		{FDBABF86-9C04-49E7-80A2-6E38ECE76703}.Ad-Hoc|x86.Build.0 = Release|x86
		{FDBABF86-9C04-49E7-80A2-6E38ECE76703}.Ad-Hoc|x86.Deploy.0 = Release|x86
		{FDBABF86-9C04-49E7-80A2-6E38ECE76703}.AppStore|Any CPU.ActiveCfg = Release|x86
		{FDBABF86-9C04-49E7-80A2-6E38ECE76703}.AppStore|Any CPU.Build.0 = Release|x86
		{FDBABF86-9C04-49E7-80A2-6E38ECE76703}.AppStore|Any CPU.Deploy.0 = Release|x86
		{FDBABF86-9C04-49E7-80A2-6E38ECE76703}.AppStore|ARM.ActiveCfg = Release|ARM
		{FDBABF86-9C04-49E7-80A2-6E38ECE76703}.AppStore|ARM.Build.0 = Release|ARM
		{FDBABF86-9C04-49E7-80A2-6E38ECE76703}.AppStore|ARM.Deploy.0 = Release|ARM
		{FDBABF86-9C04-49E7-80A2-6E38ECE76703}.AppStore|iPhone.ActiveCfg = Release|x86
		{FDBABF86-9C04-49E7-80A2-6E38ECE76703}.AppStore|iPhone.Build.0 = Release|x86
		{FDBABF86-9C04-49E7-80A2-6E38ECE76703}.AppStore|iPhone.Deploy.0 = Release|x86
		{FDBABF86-9C04-49E7-80A2-6E38ECE76703}.AppStore|iPhoneSimulator.ActiveCfg = Release|x86
		{FDBABF86-9C04-49E7-80A2-6E38ECE76703}.AppStore|iPhoneSimulator.Build.0 = Release|x86
		{FDBABF86-9C04-49E7-80A2-6E38ECE76703}.AppStore|iPhoneSimulator.Deploy.0 = Release|x86
		{FDBABF86-9C04-49E7-80A2-6E38ECE76703}.AppStore|x64.ActiveCfg = Release|x64
		{FDBABF86-9C04-49E7-80A2-6E38ECE76703}.AppStore|x64.Build.0 = Release|x64
		{FDBABF86-9C04-49E7-80A2-6E38ECE76703}.AppStore|x64.Deploy.0 = Release|x64
		{FDBABF86-9C04-49E7-80A2-6E38ECE76703}.AppStore|x86.ActiveCfg = Release|x86
		{FDBABF86-9C04-49E7-80A2-6E38ECE76703}.AppStore|x86.Build.0 = Release|x86
		{FDBABF86-9C04-49E7-80A2-6E38ECE76703}.AppStore|x86.Deploy.0 = Release|x86
		{FDBABF86-9C04-49E7-80A2-6E38ECE76703}.Debug|Any CPU.ActiveCfg = Debug|x86
		{FDBABF86-9C04-49E7-80A2-6E38ECE76703}.Debug|ARM.ActiveCfg = Debug|ARM
		{FDBABF86-9C04-49E7-80A2-6E38ECE76703}.Debug|ARM.Build.0 = Debug|ARM
		{FDBABF86-9C04-49E7-80A2-6E38ECE76703}.Debug|ARM.Deploy.0 = Debug|ARM
		{FDBABF86-9C04-49E7-80A2-6E38ECE76703}.Debug|iPhone.ActiveCfg = Debug|x86
		{FDBABF86-9C04-49E7-80A2-6E38ECE76703}.Debug|iPhoneSimulator.ActiveCfg = Debug|x86
		{FDBABF86-9C04-49E7-80A2-6E38ECE76703}.Debug|x64.ActiveCfg = Debug|x64
		{FDBABF86-9C04-49E7-80A2-6E38ECE76703}.Debug|x64.Build.0 = Debug|x64
		{FDBABF86-9C04-49E7-80A2-6E38ECE76703}.Debug|x64.Deploy.0 = Debug|x64
		{FDBABF86-9C04-49E7-80A2-6E38ECE76703}.Debug|x86.ActiveCfg = Debug|x86
		{FDBABF86-9C04-49E7-80A2-6E38ECE76703}.Debug|x86.Build.0 = Debug|x86
		{FDBABF86-9C04-49E7-80A2-6E38ECE76703}.Debug|x86.Deploy.0 = Debug|x86
		{FDBABF86-9C04-49E7-80A2-6E38ECE76703}.Release|Any CPU.ActiveCfg = Release|x86
		{FDBABF86-9C04-49E7-80A2-6E38ECE76703}.Release|ARM.ActiveCfg = Release|ARM
		{FDBABF86-9C04-49E7-80A2-6E38ECE76703}.Release|ARM.Build.0 = Release|ARM
		{FDBABF86-9C04-49E7-80A2-6E38ECE76703}.Release|ARM.Deploy.0 = Release|ARM
		{FDBABF86-9C04-49E7-80A2-6E38ECE76703}.Release|iPhone.ActiveCfg = Release|x86
		{FDBABF86-9C04-49E7-80A2-6E38ECE76703}.Release|iPhoneSimulator.ActiveCfg = Release|x86
		{FDBABF86-9C04-49E7-80A2-6E38ECE76703}.Release|x64.ActiveCfg = Release|x64
		{FDBABF86-9C04-49E7-80A2-6E38ECE76703}.Release|x64.Build.0 = Release|x64
		{FDBABF86-9C04-49E7-80A2-6E38ECE76703}.Release|x64.Deploy.0 = Release|x64
		{FDBABF86-9C04-49E7-80A2-6E38ECE76703}.Release|x86.ActiveCfg = Release|x86
		{FDBABF86-9C04-49E7-80A2-6E38ECE76703}.Release|x86.Build.0 = Release|x86
		{FDBABF86-9C04-49E7-80A2-6E38ECE76703}.Release|x86.Deploy.0 = Release|x86
		{8C4139DD-23D1-4A3F-B26D-58D38BD16246}.Ad-Hoc|Any CPU.ActiveCfg = Ad-Hoc|iPhone
		{8C4139DD-23D1-4A3F-B26D-58D38BD16246}.Ad-Hoc|ARM.ActiveCfg = Ad-Hoc|iPhone
		{8C4139DD-23D1-4A3F-B26D-58D38BD16246}.Ad-Hoc|iPhone.ActiveCfg = Ad-Hoc|iPhone
		{8C4139DD-23D1-4A3F-B26D-58D38BD16246}.Ad-Hoc|iPhone.Build.0 = Ad-Hoc|iPhone
		{8C4139DD-23D1-4A3F-B26D-58D38BD16246}.Ad-Hoc|iPhoneSimulator.ActiveCfg = Ad-Hoc|iPhoneSimulator
		{8C4139DD-23D1-4A3F-B26D-58D38BD16246}.Ad-Hoc|iPhoneSimulator.Build.0 = Ad-Hoc|iPhoneSimulator
		{8C4139DD-23D1-4A3F-B26D-58D38BD16246}.Ad-Hoc|x64.ActiveCfg = Ad-Hoc|iPhone
		{8C4139DD-23D1-4A3F-B26D-58D38BD16246}.Ad-Hoc|x86.ActiveCfg = Ad-Hoc|iPhone
		{8C4139DD-23D1-4A3F-B26D-58D38BD16246}.AppStore|Any CPU.ActiveCfg = AppStore|iPhone
		{8C4139DD-23D1-4A3F-B26D-58D38BD16246}.AppStore|ARM.ActiveCfg = AppStore|iPhone
		{8C4139DD-23D1-4A3F-B26D-58D38BD16246}.AppStore|iPhone.ActiveCfg = AppStore|iPhone
		{8C4139DD-23D1-4A3F-B26D-58D38BD16246}.AppStore|iPhone.Build.0 = AppStore|iPhone
		{8C4139DD-23D1-4A3F-B26D-58D38BD16246}.AppStore|iPhoneSimulator.ActiveCfg = AppStore|iPhoneSimulator
		{8C4139DD-23D1-4A3F-B26D-58D38BD16246}.AppStore|iPhoneSimulator.Build.0 = AppStore|iPhoneSimulator
		{8C4139DD-23D1-4A3F-B26D-58D38BD16246}.AppStore|x64.ActiveCfg = AppStore|iPhone
		{8C4139DD-23D1-4A3F-B26D-58D38BD16246}.AppStore|x86.ActiveCfg = AppStore|iPhone
		{8C4139DD-23D1-4A3F-B26D-58D38BD16246}.Debug|Any CPU.ActiveCfg = Debug|iPhone
		{8C4139DD-23D1-4A3F-B26D-58D38BD16246}.Debug|ARM.ActiveCfg = Debug|iPhone
		{8C4139DD-23D1-4A3F-B26D-58D38BD16246}.Debug|iPhone.ActiveCfg = Debug|iPhone
		{8C4139DD-23D1-4A3F-B26D-58D38BD16246}.Debug|iPhone.Build.0 = Debug|iPhone
		{8C4139DD-23D1-4A3F-B26D-58D38BD16246}.Debug|iPhoneSimulator.ActiveCfg = Debug|iPhoneSimulator
		{8C4139DD-23D1-4A3F-B26D-58D38BD16246}.Debug|iPhoneSimulator.Build.0 = Debug|iPhoneSimulator
		{8C4139DD-23D1-4A3F-B26D-58D38BD16246}.Debug|x64.ActiveCfg = Debug|iPhone
		{8C4139DD-23D1-4A3F-B26D-58D38BD16246}.Debug|x86.ActiveCfg = Debug|iPhone
		{8C4139DD-23D1-4A3F-B26D-58D38BD16246}.Release|Any CPU.ActiveCfg = Release|iPhone
		{8C4139DD-23D1-4A3F-B26D-58D38BD16246}.Release|ARM.ActiveCfg = Release|iPhone
		{8C4139DD-23D1-4A3F-B26D-58D38BD16246}.Release|iPhone.ActiveCfg = Release|iPhone
		{8C4139DD-23D1-4A3F-B26D-58D38BD16246}.Release|iPhone.Build.0 = Release|iPhone
		{8C4139DD-23D1-4A3F-B26D-58D38BD16246}.Release|iPhoneSimulator.ActiveCfg = Release|iPhoneSimulator
		{8C4139DD-23D1-4A3F-B26D-58D38BD16246}.Release|iPhoneSimulator.Build.0 = Release|iPhoneSimulator
		{8C4139DD-23D1-4A3F-B26D-58D38BD16246}.Release|x64.ActiveCfg = Release|iPhone
		{8C4139DD-23D1-4A3F-B26D-58D38BD16246}.Release|x86.ActiveCfg = Release|iPhone
	EndGlobalSection
	GlobalSection(SolutionProperties) = preSolution
		HideSolutionNode = FALSE
	EndGlobalSection
EndGlobal
